
Microsoft Visual Studio Solution File, Format Version 12.00
# Visual Studio Version 16
VisualStudioVersion = 16.0.30711.63
MinimumVisualStudioVersion = 10.0.40219.1
Project("{9A19103F-16F7-4668-BE54-9A1E7A4F7556}") = "Hid.Net", "Hid.Net\Hid.Net.csproj", "{ECB44DDD-BBFA-459A-9C60-4F65A1014A48}"
EndProject
Project("{FAE04EC0-301F-11D3-BF4B-00C04F79EFBC}") = "Hid.Net.UWP", "Hid.Net.UWP\Hid.Net.UWP.csproj", "{BC1DAD65-96A7-4772-873A-79895C7A3ADF}"
EndProject
Project("{9A19103F-16F7-4668-BE54-9A1E7A4F7556}") = "Device.Net", "Device.Net\Device.Net.csproj", "{AAC55EE8-183B-487F-9E2C-08E14E7E4894}"
EndProject
Project("{9A19103F-16F7-4668-BE54-9A1E7A4F7556}") = "Usb.Net", "Usb.Net\Usb.Net.csproj", "{A3248195-3EDF-4FE6-B065-865F74D53B0B}"
EndProject
Project("{FAE04EC0-301F-11D3-BF4B-00C04F79EFBC}") = "Usb.Net.Android", "Usb.Net.Android\Usb.Net.Android.csproj", "{2230E90B-AE05-412F-8B83-E49627CD666E}"
EndProject
Project("{FAE04EC0-301F-11D3-BF4B-00C04F79EFBC}") = "Usb.Net.UWP", "Usb.Net.UWP\Usb.Net.UWP.csproj", "{E00509CB-46F2-4DEE-ABBA-2514816AFFF4}"
EndProject
Project("{FAE04EC0-301F-11D3-BF4B-00C04F79EFBC}") = "Usb.Net.UWP.Sample", "Usb.Net.UWP.Sample\Usb.Net.UWP.Sample.csproj", "{63695F84-3EC6-4F6A-8C8C-5219D75EDB68}"
EndProject
Project("{FAE04EC0-301F-11D3-BF4B-00C04F79EFBC}") = "Device.Net.UWP", "Device.Net.UWP\Device.Net.UWP.csproj", "{9ABE7012-A953-4A9F-8860-C877D8D6F687}"
EndProject
Project("{2150E333-8FDC-42A3-9474-1A3956D46DE8}") = "Device", "Device", "{7347DAE2-4F5E-46C9-ADA8-037B96742F2B}"
EndProject
Project("{2150E333-8FDC-42A3-9474-1A3956D46DE8}") = "USB", "USB", "{5B0BD0A9-5246-42CF-9D47-50DD072FEC47}"
EndProject
Project("{2150E333-8FDC-42A3-9474-1A3956D46DE8}") = "Hid", "Hid", "{1E56E335-09DE-435F-9189-5DE50835D54F}"
EndProject
Project("{2150E333-8FDC-42A3-9474-1A3956D46DE8}") = "Samples", "Samples", "{32ED0A31-ACE0-46FC-8644-41F4A94E2FFC}"
EndProject
Project("{9A19103F-16F7-4668-BE54-9A1E7A4F7556}") = "Usb.Net.WindowsSample", "Usb.Net.WindowsSample\Usb.Net.WindowsSample.csproj", "{50D00509-0703-4308-A89A-A5ACADAD7ABA}"
EndProject
Project("{FAE04EC0-301F-11D3-BF4B-00C04F79EFBC}") = "Usb.Net.AndroidSample", "Usb.Net.AndroidSample\Usb.Net.AndroidSample.csproj", "{3BC0AC7E-3B3B-4D3F-9CC0-B2BDECC460A6}"
EndProject
Project("{9A19103F-16F7-4668-BE54-9A1E7A4F7556}") = "Device.Net.LibUsbSample", "Device.Net.LibUsbSample\Device.Net.LibUsbSample.csproj", "{9C0BF960-4593-4A16-B68F-D74574E32AB8}"
EndProject
Global
	GlobalSection(SolutionConfigurationPlatforms) = preSolution
		Debug|Any CPU = Debug|Any CPU
		Debug|ARM = Debug|ARM
		Debug|x64 = Debug|x64
		Debug|x86 = Debug|x86
		Release|Any CPU = Release|Any CPU
		Release|ARM = Release|ARM
		Release|x64 = Release|x64
		Release|x86 = Release|x86
	EndGlobalSection
	GlobalSection(ProjectConfigurationPlatforms) = postSolution
		{ECB44DDD-BBFA-459A-9C60-4F65A1014A48}.Debug|Any CPU.ActiveCfg = Debug|Any CPU
		{ECB44DDD-BBFA-459A-9C60-4F65A1014A48}.Debug|Any CPU.Build.0 = Debug|Any CPU
		{ECB44DDD-BBFA-459A-9C60-4F65A1014A48}.Debug|ARM.ActiveCfg = Debug|Any CPU
		{ECB44DDD-BBFA-459A-9C60-4F65A1014A48}.Debug|ARM.Build.0 = Debug|Any CPU
		{ECB44DDD-BBFA-459A-9C60-4F65A1014A48}.Debug|x64.ActiveCfg = Debug|Any CPU
		{ECB44DDD-BBFA-459A-9C60-4F65A1014A48}.Debug|x64.Build.0 = Debug|Any CPU
		{ECB44DDD-BBFA-459A-9C60-4F65A1014A48}.Debug|x86.ActiveCfg = Debug|Any CPU
		{ECB44DDD-BBFA-459A-9C60-4F65A1014A48}.Debug|x86.Build.0 = Debug|Any CPU
		{ECB44DDD-BBFA-459A-9C60-4F65A1014A48}.Release|Any CPU.ActiveCfg = Release|Any CPU
		{ECB44DDD-BBFA-459A-9C60-4F65A1014A48}.Release|Any CPU.Build.0 = Release|Any CPU
		{ECB44DDD-BBFA-459A-9C60-4F65A1014A48}.Release|ARM.ActiveCfg = Release|Any CPU
		{ECB44DDD-BBFA-459A-9C60-4F65A1014A48}.Release|ARM.Build.0 = Release|Any CPU
		{ECB44DDD-BBFA-459A-9C60-4F65A1014A48}.Release|x64.ActiveCfg = Release|Any CPU
		{ECB44DDD-BBFA-459A-9C60-4F65A1014A48}.Release|x64.Build.0 = Release|Any CPU
		{ECB44DDD-BBFA-459A-9C60-4F65A1014A48}.Release|x86.ActiveCfg = Release|Any CPU
		{ECB44DDD-BBFA-459A-9C60-4F65A1014A48}.Release|x86.Build.0 = Release|Any CPU
		{BC1DAD65-96A7-4772-873A-79895C7A3ADF}.Debug|Any CPU.ActiveCfg = Debug|Any CPU
		{BC1DAD65-96A7-4772-873A-79895C7A3ADF}.Debug|Any CPU.Build.0 = Debug|Any CPU
		{BC1DAD65-96A7-4772-873A-79895C7A3ADF}.Debug|ARM.ActiveCfg = Debug|ARM
		{BC1DAD65-96A7-4772-873A-79895C7A3ADF}.Debug|ARM.Build.0 = Debug|ARM
		{BC1DAD65-96A7-4772-873A-79895C7A3ADF}.Debug|x64.ActiveCfg = Debug|x64
		{BC1DAD65-96A7-4772-873A-79895C7A3ADF}.Debug|x64.Build.0 = Debug|x64
		{BC1DAD65-96A7-4772-873A-79895C7A3ADF}.Debug|x86.ActiveCfg = Debug|x86
		{BC1DAD65-96A7-4772-873A-79895C7A3ADF}.Debug|x86.Build.0 = Debug|x86
		{BC1DAD65-96A7-4772-873A-79895C7A3ADF}.Release|Any CPU.ActiveCfg = Release|Any CPU
		{BC1DAD65-96A7-4772-873A-79895C7A3ADF}.Release|Any CPU.Build.0 = Release|Any CPU
		{BC1DAD65-96A7-4772-873A-79895C7A3ADF}.Release|ARM.ActiveCfg = Release|ARM
		{BC1DAD65-96A7-4772-873A-79895C7A3ADF}.Release|ARM.Build.0 = Release|ARM
		{BC1DAD65-96A7-4772-873A-79895C7A3ADF}.Release|x64.ActiveCfg = Release|x64
		{BC1DAD65-96A7-4772-873A-79895C7A3ADF}.Release|x64.Build.0 = Release|x64
		{BC1DAD65-96A7-4772-873A-79895C7A3ADF}.Release|x86.ActiveCfg = Release|x86
		{BC1DAD65-96A7-4772-873A-79895C7A3ADF}.Release|x86.Build.0 = Release|x86
		{AAC55EE8-183B-487F-9E2C-08E14E7E4894}.Debug|Any CPU.ActiveCfg = Debug|Any CPU
		{AAC55EE8-183B-487F-9E2C-08E14E7E4894}.Debug|Any CPU.Build.0 = Debug|Any CPU
		{AAC55EE8-183B-487F-9E2C-08E14E7E4894}.Debug|ARM.ActiveCfg = Debug|Any CPU
		{AAC55EE8-183B-487F-9E2C-08E14E7E4894}.Debug|ARM.Build.0 = Debug|Any CPU
		{AAC55EE8-183B-487F-9E2C-08E14E7E4894}.Debug|x64.ActiveCfg = Debug|Any CPU
		{AAC55EE8-183B-487F-9E2C-08E14E7E4894}.Debug|x64.Build.0 = Debug|Any CPU
		{AAC55EE8-183B-487F-9E2C-08E14E7E4894}.Debug|x86.ActiveCfg = Debug|Any CPU
		{AAC55EE8-183B-487F-9E2C-08E14E7E4894}.Debug|x86.Build.0 = Debug|Any CPU
		{AAC55EE8-183B-487F-9E2C-08E14E7E4894}.Release|Any CPU.ActiveCfg = Release|Any CPU
		{AAC55EE8-183B-487F-9E2C-08E14E7E4894}.Release|Any CPU.Build.0 = Release|Any CPU
		{AAC55EE8-183B-487F-9E2C-08E14E7E4894}.Release|ARM.ActiveCfg = Release|Any CPU
		{AAC55EE8-183B-487F-9E2C-08E14E7E4894}.Release|ARM.Build.0 = Release|Any CPU
		{AAC55EE8-183B-487F-9E2C-08E14E7E4894}.Release|x64.ActiveCfg = Release|Any CPU
		{AAC55EE8-183B-487F-9E2C-08E14E7E4894}.Release|x64.Build.0 = Release|Any CPU
		{AAC55EE8-183B-487F-9E2C-08E14E7E4894}.Release|x86.ActiveCfg = Release|Any CPU
		{AAC55EE8-183B-487F-9E2C-08E14E7E4894}.Release|x86.Build.0 = Release|Any CPU
		{A3248195-3EDF-4FE6-B065-865F74D53B0B}.Debug|Any CPU.ActiveCfg = Debug|Any CPU
		{A3248195-3EDF-4FE6-B065-865F74D53B0B}.Debug|Any CPU.Build.0 = Debug|Any CPU
		{A3248195-3EDF-4FE6-B065-865F74D53B0B}.Debug|ARM.ActiveCfg = Debug|Any CPU
		{A3248195-3EDF-4FE6-B065-865F74D53B0B}.Debug|ARM.Build.0 = Debug|Any CPU
		{A3248195-3EDF-4FE6-B065-865F74D53B0B}.Debug|x64.ActiveCfg = Debug|Any CPU
		{A3248195-3EDF-4FE6-B065-865F74D53B0B}.Debug|x64.Build.0 = Debug|Any CPU
		{A3248195-3EDF-4FE6-B065-865F74D53B0B}.Debug|x86.ActiveCfg = Debug|Any CPU
		{A3248195-3EDF-4FE6-B065-865F74D53B0B}.Debug|x86.Build.0 = Debug|Any CPU
		{A3248195-3EDF-4FE6-B065-865F74D53B0B}.Release|Any CPU.ActiveCfg = Release|Any CPU
		{A3248195-3EDF-4FE6-B065-865F74D53B0B}.Release|Any CPU.Build.0 = Release|Any CPU
		{A3248195-3EDF-4FE6-B065-865F74D53B0B}.Release|ARM.ActiveCfg = Release|Any CPU
		{A3248195-3EDF-4FE6-B065-865F74D53B0B}.Release|ARM.Build.0 = Release|Any CPU
		{A3248195-3EDF-4FE6-B065-865F74D53B0B}.Release|x64.ActiveCfg = Release|Any CPU
		{A3248195-3EDF-4FE6-B065-865F74D53B0B}.Release|x64.Build.0 = Release|Any CPU
		{A3248195-3EDF-4FE6-B065-865F74D53B0B}.Release|x86.ActiveCfg = Release|Any CPU
		{A3248195-3EDF-4FE6-B065-865F74D53B0B}.Release|x86.Build.0 = Release|Any CPU
		{2230E90B-AE05-412F-8B83-E49627CD666E}.Debug|Any CPU.ActiveCfg = Debug|Any CPU
		{2230E90B-AE05-412F-8B83-E49627CD666E}.Debug|Any CPU.Build.0 = Debug|Any CPU
		{2230E90B-AE05-412F-8B83-E49627CD666E}.Debug|ARM.ActiveCfg = Debug|Any CPU
		{2230E90B-AE05-412F-8B83-E49627CD666E}.Debug|ARM.Build.0 = Debug|Any CPU
		{2230E90B-AE05-412F-8B83-E49627CD666E}.Debug|x64.ActiveCfg = Debug|Any CPU
		{2230E90B-AE05-412F-8B83-E49627CD666E}.Debug|x64.Build.0 = Debug|Any CPU
		{2230E90B-AE05-412F-8B83-E49627CD666E}.Debug|x86.ActiveCfg = Debug|Any CPU
		{2230E90B-AE05-412F-8B83-E49627CD666E}.Debug|x86.Build.0 = Debug|Any CPU
		{2230E90B-AE05-412F-8B83-E49627CD666E}.Release|Any CPU.ActiveCfg = Release|Any CPU
		{2230E90B-AE05-412F-8B83-E49627CD666E}.Release|Any CPU.Build.0 = Release|Any CPU
		{2230E90B-AE05-412F-8B83-E49627CD666E}.Release|ARM.ActiveCfg = Release|Any CPU
		{2230E90B-AE05-412F-8B83-E49627CD666E}.Release|ARM.Build.0 = Release|Any CPU
		{2230E90B-AE05-412F-8B83-E49627CD666E}.Release|x64.ActiveCfg = Release|Any CPU
		{2230E90B-AE05-412F-8B83-E49627CD666E}.Release|x64.Build.0 = Release|Any CPU
		{2230E90B-AE05-412F-8B83-E49627CD666E}.Release|x86.ActiveCfg = Release|Any CPU
		{2230E90B-AE05-412F-8B83-E49627CD666E}.Release|x86.Build.0 = Release|Any CPU
		{E00509CB-46F2-4DEE-ABBA-2514816AFFF4}.Debug|Any CPU.ActiveCfg = Debug|Any CPU
		{E00509CB-46F2-4DEE-ABBA-2514816AFFF4}.Debug|Any CPU.Build.0 = Debug|Any CPU
		{E00509CB-46F2-4DEE-ABBA-2514816AFFF4}.Debug|ARM.ActiveCfg = Debug|ARM
		{E00509CB-46F2-4DEE-ABBA-2514816AFFF4}.Debug|ARM.Build.0 = Debug|ARM
		{E00509CB-46F2-4DEE-ABBA-2514816AFFF4}.Debug|x64.ActiveCfg = Debug|x64
		{E00509CB-46F2-4DEE-ABBA-2514816AFFF4}.Debug|x64.Build.0 = Debug|x64
		{E00509CB-46F2-4DEE-ABBA-2514816AFFF4}.Debug|x86.ActiveCfg = Debug|x86
		{E00509CB-46F2-4DEE-ABBA-2514816AFFF4}.Debug|x86.Build.0 = Debug|x86
		{E00509CB-46F2-4DEE-ABBA-2514816AFFF4}.Release|Any CPU.ActiveCfg = Release|Any CPU
		{E00509CB-46F2-4DEE-ABBA-2514816AFFF4}.Release|Any CPU.Build.0 = Release|Any CPU
		{E00509CB-46F2-4DEE-ABBA-2514816AFFF4}.Release|ARM.ActiveCfg = Release|ARM
		{E00509CB-46F2-4DEE-ABBA-2514816AFFF4}.Release|ARM.Build.0 = Release|ARM
		{E00509CB-46F2-4DEE-ABBA-2514816AFFF4}.Release|x64.ActiveCfg = Release|x64
		{E00509CB-46F2-4DEE-ABBA-2514816AFFF4}.Release|x64.Build.0 = Release|x64
		{E00509CB-46F2-4DEE-ABBA-2514816AFFF4}.Release|x86.ActiveCfg = Release|x86
		{E00509CB-46F2-4DEE-ABBA-2514816AFFF4}.Release|x86.Build.0 = Release|x86
		{63695F84-3EC6-4F6A-8C8C-5219D75EDB68}.Debug|Any CPU.ActiveCfg = Debug|x86
		{63695F84-3EC6-4F6A-8C8C-5219D75EDB68}.Debug|ARM.ActiveCfg = Debug|ARM
		{63695F84-3EC6-4F6A-8C8C-5219D75EDB68}.Debug|ARM.Build.0 = Debug|ARM
		{63695F84-3EC6-4F6A-8C8C-5219D75EDB68}.Debug|ARM.Deploy.0 = Debug|ARM
		{63695F84-3EC6-4F6A-8C8C-5219D75EDB68}.Debug|x64.ActiveCfg = Debug|x64
		{63695F84-3EC6-4F6A-8C8C-5219D75EDB68}.Debug|x64.Build.0 = Debug|x64
		{63695F84-3EC6-4F6A-8C8C-5219D75EDB68}.Debug|x64.Deploy.0 = Debug|x64
		{63695F84-3EC6-4F6A-8C8C-5219D75EDB68}.Debug|x86.ActiveCfg = Debug|x86
		{63695F84-3EC6-4F6A-8C8C-5219D75EDB68}.Debug|x86.Build.0 = Debug|x86
		{63695F84-3EC6-4F6A-8C8C-5219D75EDB68}.Debug|x86.Deploy.0 = Debug|x86
		{63695F84-3EC6-4F6A-8C8C-5219D75EDB68}.Release|Any CPU.ActiveCfg = Release|x86
		{63695F84-3EC6-4F6A-8C8C-5219D75EDB68}.Release|ARM.ActiveCfg = Release|ARM
		{63695F84-3EC6-4F6A-8C8C-5219D75EDB68}.Release|ARM.Build.0 = Release|ARM
		{63695F84-3EC6-4F6A-8C8C-5219D75EDB68}.Release|ARM.Deploy.0 = Release|ARM
		{63695F84-3EC6-4F6A-8C8C-5219D75EDB68}.Release|x64.ActiveCfg = Release|x64
		{63695F84-3EC6-4F6A-8C8C-5219D75EDB68}.Release|x64.Build.0 = Release|x64
		{63695F84-3EC6-4F6A-8C8C-5219D75EDB68}.Release|x64.Deploy.0 = Release|x64
		{63695F84-3EC6-4F6A-8C8C-5219D75EDB68}.Release|x86.ActiveCfg = Release|x86
		{63695F84-3EC6-4F6A-8C8C-5219D75EDB68}.Release|x86.Build.0 = Release|x86
		{63695F84-3EC6-4F6A-8C8C-5219D75EDB68}.Release|x86.Deploy.0 = Release|x86
		{9ABE7012-A953-4A9F-8860-C877D8D6F687}.Debug|Any CPU.ActiveCfg = Debug|Any CPU
		{9ABE7012-A953-4A9F-8860-C877D8D6F687}.Debug|Any CPU.Build.0 = Debug|Any CPU
		{9ABE7012-A953-4A9F-8860-C877D8D6F687}.Debug|ARM.ActiveCfg = Debug|ARM
		{9ABE7012-A953-4A9F-8860-C877D8D6F687}.Debug|ARM.Build.0 = Debug|ARM
		{9ABE7012-A953-4A9F-8860-C877D8D6F687}.Debug|x64.ActiveCfg = Debug|x64
		{9ABE7012-A953-4A9F-8860-C877D8D6F687}.Debug|x64.Build.0 = Debug|x64
		{9ABE7012-A953-4A9F-8860-C877D8D6F687}.Debug|x86.ActiveCfg = Debug|x86
		{9ABE7012-A953-4A9F-8860-C877D8D6F687}.Debug|x86.Build.0 = Debug|x86
		{9ABE7012-A953-4A9F-8860-C877D8D6F687}.Release|Any CPU.ActiveCfg = Release|Any CPU
		{9ABE7012-A953-4A9F-8860-C877D8D6F687}.Release|Any CPU.Build.0 = Release|Any CPU
		{9ABE7012-A953-4A9F-8860-C877D8D6F687}.Release|ARM.ActiveCfg = Release|ARM
		{9ABE7012-A953-4A9F-8860-C877D8D6F687}.Release|ARM.Build.0 = Release|ARM
		{9ABE7012-A953-4A9F-8860-C877D8D6F687}.Release|x64.ActiveCfg = Release|x64
		{9ABE7012-A953-4A9F-8860-C877D8D6F687}.Release|x64.Build.0 = Release|x64
		{9ABE7012-A953-4A9F-8860-C877D8D6F687}.Release|x86.ActiveCfg = Release|x86
		{9ABE7012-A953-4A9F-8860-C877D8D6F687}.Release|x86.Build.0 = Release|x86
		{50D00509-0703-4308-A89A-A5ACADAD7ABA}.Debug|Any CPU.ActiveCfg = Debug|Any CPU
		{50D00509-0703-4308-A89A-A5ACADAD7ABA}.Debug|Any CPU.Build.0 = Debug|Any CPU
		{50D00509-0703-4308-A89A-A5ACADAD7ABA}.Debug|ARM.ActiveCfg = Debug|Any CPU
		{50D00509-0703-4308-A89A-A5ACADAD7ABA}.Debug|ARM.Build.0 = Debug|Any CPU
		{50D00509-0703-4308-A89A-A5ACADAD7ABA}.Debug|x64.ActiveCfg = Debug|Any CPU
		{50D00509-0703-4308-A89A-A5ACADAD7ABA}.Debug|x64.Build.0 = Debug|Any CPU
		{50D00509-0703-4308-A89A-A5ACADAD7ABA}.Debug|x86.ActiveCfg = Debug|Any CPU
		{50D00509-0703-4308-A89A-A5ACADAD7ABA}.Debug|x86.Build.0 = Debug|Any CPU
		{50D00509-0703-4308-A89A-A5ACADAD7ABA}.Release|Any CPU.ActiveCfg = Release|Any CPU
		{50D00509-0703-4308-A89A-A5ACADAD7ABA}.Release|Any CPU.Build.0 = Release|Any CPU
		{50D00509-0703-4308-A89A-A5ACADAD7ABA}.Release|ARM.ActiveCfg = Release|Any CPU
		{50D00509-0703-4308-A89A-A5ACADAD7ABA}.Release|ARM.Build.0 = Release|Any CPU
		{50D00509-0703-4308-A89A-A5ACADAD7ABA}.Release|x64.ActiveCfg = Release|Any CPU
		{50D00509-0703-4308-A89A-A5ACADAD7ABA}.Release|x64.Build.0 = Release|Any CPU
		{50D00509-0703-4308-A89A-A5ACADAD7ABA}.Release|x86.ActiveCfg = Release|Any CPU
		{50D00509-0703-4308-A89A-A5ACADAD7ABA}.Release|x86.Build.0 = Release|Any CPU
		{3BC0AC7E-3B3B-4D3F-9CC0-B2BDECC460A6}.Debug|Any CPU.ActiveCfg = Debug|Any CPU
		{3BC0AC7E-3B3B-4D3F-9CC0-B2BDECC460A6}.Debug|Any CPU.Build.0 = Debug|Any CPU
		{3BC0AC7E-3B3B-4D3F-9CC0-B2BDECC460A6}.Debug|Any CPU.Deploy.0 = Debug|Any CPU
		{3BC0AC7E-3B3B-4D3F-9CC0-B2BDECC460A6}.Debug|ARM.ActiveCfg = Debug|Any CPU
		{3BC0AC7E-3B3B-4D3F-9CC0-B2BDECC460A6}.Debug|ARM.Build.0 = Debug|Any CPU
		{3BC0AC7E-3B3B-4D3F-9CC0-B2BDECC460A6}.Debug|ARM.Deploy.0 = Debug|Any CPU
		{3BC0AC7E-3B3B-4D3F-9CC0-B2BDECC460A6}.Debug|x64.ActiveCfg = Debug|Any CPU
		{3BC0AC7E-3B3B-4D3F-9CC0-B2BDECC460A6}.Debug|x64.Build.0 = Debug|Any CPU
		{3BC0AC7E-3B3B-4D3F-9CC0-B2BDECC460A6}.Debug|x64.Deploy.0 = Debug|Any CPU
		{3BC0AC7E-3B3B-4D3F-9CC0-B2BDECC460A6}.Debug|x86.ActiveCfg = Debug|Any CPU
		{3BC0AC7E-3B3B-4D3F-9CC0-B2BDECC460A6}.Debug|x86.Build.0 = Debug|Any CPU
		{3BC0AC7E-3B3B-4D3F-9CC0-B2BDECC460A6}.Debug|x86.Deploy.0 = Debug|Any CPU
		{3BC0AC7E-3B3B-4D3F-9CC0-B2BDECC460A6}.Release|Any CPU.ActiveCfg = Release|Any CPU
		{3BC0AC7E-3B3B-4D3F-9CC0-B2BDECC460A6}.Release|Any CPU.Build.0 = Release|Any CPU
		{3BC0AC7E-3B3B-4D3F-9CC0-B2BDECC460A6}.Release|Any CPU.Deploy.0 = Release|Any CPU
		{3BC0AC7E-3B3B-4D3F-9CC0-B2BDECC460A6}.Release|ARM.ActiveCfg = Release|Any CPU
		{3BC0AC7E-3B3B-4D3F-9CC0-B2BDECC460A6}.Release|ARM.Build.0 = Release|Any CPU
		{3BC0AC7E-3B3B-4D3F-9CC0-B2BDECC460A6}.Release|ARM.Deploy.0 = Release|Any CPU
		{3BC0AC7E-3B3B-4D3F-9CC0-B2BDECC460A6}.Release|x64.ActiveCfg = Release|Any CPU
		{3BC0AC7E-3B3B-4D3F-9CC0-B2BDECC460A6}.Release|x64.Build.0 = Release|Any CPU
		{3BC0AC7E-3B3B-4D3F-9CC0-B2BDECC460A6}.Release|x64.Deploy.0 = Release|Any CPU
		{3BC0AC7E-3B3B-4D3F-9CC0-B2BDECC460A6}.Release|x86.ActiveCfg = Release|Any CPU
		{3BC0AC7E-3B3B-4D3F-9CC0-B2BDECC460A6}.Release|x86.Build.0 = Release|Any CPU
		{3BC0AC7E-3B3B-4D3F-9CC0-B2BDECC460A6}.Release|x86.Deploy.0 = Release|Any CPU
		{9C0BF960-4593-4A16-B68F-D74574E32AB8}.Debug|Any CPU.ActiveCfg = Debug|Any CPU
		{9C0BF960-4593-4A16-B68F-D74574E32AB8}.Debug|Any CPU.Build.0 = Debug|Any CPU
		{9C0BF960-4593-4A16-B68F-D74574E32AB8}.Debug|ARM.ActiveCfg = Debug|Any CPU
		{9C0BF960-4593-4A16-B68F-D74574E32AB8}.Debug|ARM.Build.0 = Debug|Any CPU
		{9C0BF960-4593-4A16-B68F-D74574E32AB8}.Debug|x64.ActiveCfg = Debug|Any CPU
		{9C0BF960-4593-4A16-B68F-D74574E32AB8}.Debug|x64.Build.0 = Debug|Any CPU
		{9C0BF960-4593-4A16-B68F-D74574E32AB8}.Debug|x86.ActiveCfg = Debug|Any CPU
		{9C0BF960-4593-4A16-B68F-D74574E32AB8}.Debug|x86.Build.0 = Debug|Any CPU
		{9C0BF960-4593-4A16-B68F-D74574E32AB8}.Release|Any CPU.ActiveCfg = Release|Any CPU
		{9C0BF960-4593-4A16-B68F-D74574E32AB8}.Release|Any CPU.Build.0 = Release|Any CPU
		{9C0BF960-4593-4A16-B68F-D74574E32AB8}.Release|ARM.ActiveCfg = Release|Any CPU
		{9C0BF960-4593-4A16-B68F-D74574E32AB8}.Release|ARM.Build.0 = Release|Any CPU
		{9C0BF960-4593-4A16-B68F-D74574E32AB8}.Release|x64.ActiveCfg = Release|Any CPU
		{9C0BF960-4593-4A16-B68F-D74574E32AB8}.Release|x64.Build.0 = Release|Any CPU
		{9C0BF960-4593-4A16-B68F-D74574E32AB8}.Release|x86.ActiveCfg = Release|Any CPU
		{9C0BF960-4593-4A16-B68F-D74574E32AB8}.Release|x86.Build.0 = Release|Any CPU
	EndGlobalSection
	GlobalSection(SolutionProperties) = preSolution
		HideSolutionNode = FALSE
	EndGlobalSection
	GlobalSection(NestedProjects) = preSolution
		{ECB44DDD-BBFA-459A-9C60-4F65A1014A48} = {1E56E335-09DE-435F-9189-5DE50835D54F}
		{BC1DAD65-96A7-4772-873A-79895C7A3ADF} = {1E56E335-09DE-435F-9189-5DE50835D54F}
		{AAC55EE8-183B-487F-9E2C-08E14E7E4894} = {7347DAE2-4F5E-46C9-ADA8-037B96742F2B}
		{A3248195-3EDF-4FE6-B065-865F74D53B0B} = {5B0BD0A9-5246-42CF-9D47-50DD072FEC47}
		{2230E90B-AE05-412F-8B83-E49627CD666E} = {5B0BD0A9-5246-42CF-9D47-50DD072FEC47}
		{E00509CB-46F2-4DEE-ABBA-2514816AFFF4} = {5B0BD0A9-5246-42CF-9D47-50DD072FEC47}
		{63695F84-3EC6-4F6A-8C8C-5219D75EDB68} = {32ED0A31-ACE0-46FC-8644-41F4A94E2FFC}
		{9ABE7012-A953-4A9F-8860-C877D8D6F687} = {7347DAE2-4F5E-46C9-ADA8-037B96742F2B}
		{50D00509-0703-4308-A89A-A5ACADAD7ABA} = {32ED0A31-ACE0-46FC-8644-41F4A94E2FFC}
		{3BC0AC7E-3B3B-4D3F-9CC0-B2BDECC460A6} = {32ED0A31-ACE0-46FC-8644-41F4A94E2FFC}
		{9C0BF960-4593-4A16-B68F-D74574E32AB8} = {32ED0A31-ACE0-46FC-8644-41F4A94E2FFC}
	EndGlobalSection
	GlobalSection(ExtensibilityGlobals) = postSolution
		SolutionGuid = {7D478184-6FEC-4951-ADB3-C72F3B712B72}
	EndGlobalSection
EndGlobal
