
Microsoft Visual Studio Solution File, Format Version 12.00
# Visual Studio Version 16
VisualStudioVersion = 16.0.30204.135
MinimumVisualStudioVersion = 10.0.40219.1
Project("{9A19103F-16F7-4668-BE54-9A1E7A4F7556}") = "Usb.Net.WindowsSample", "Usb.Net.WindowsSample\Usb.Net.WindowsSample.csproj", "{50D00509-0703-4308-A89A-A5ACADAD7ABA}"
EndProject
Project("{9A19103F-16F7-4668-BE54-9A1E7A4F7556}") = "Hid.Net", "Hid.Net\Hid.Net.csproj", "{ECB44DDD-BBFA-459A-9C60-4F65A1014A48}"
EndProject
Project("{9A19103F-16F7-4668-BE54-9A1E7A4F7556}") = "Device.Net", "Device.Net\Device.Net.csproj", "{AAC55EE8-183B-487F-9E2C-08E14E7E4894}"
EndProject
Project("{9A19103F-16F7-4668-BE54-9A1E7A4F7556}") = "Usb.Net", "Usb.Net\Usb.Net.csproj", "{A3248195-3EDF-4FE6-B065-865F74D53B0B}"
EndProject
Project("{FAE04EC0-301F-11D3-BF4B-00C04F79EFBC}") = "Usb.Net.UWP.Sample", "Usb.Net.UWP.Sample\Usb.Net.UWP.Sample.csproj", "{63695F84-3EC6-4F6A-8C8C-5219D75EDB68}"
EndProject
Project("{2150E333-8FDC-42A3-9474-1A3956D46DE8}") = "Device", "Device", "{7347DAE2-4F5E-46C9-ADA8-037B96742F2B}"
EndProject
Project("{2150E333-8FDC-42A3-9474-1A3956D46DE8}") = "USB", "USB", "{5B0BD0A9-5246-42CF-9D47-50DD072FEC47}"
EndProject
Project("{2150E333-8FDC-42A3-9474-1A3956D46DE8}") = "Hid", "Hid", "{1E56E335-09DE-435F-9189-5DE50835D54F}"
EndProject
Project("{2150E333-8FDC-42A3-9474-1A3956D46DE8}") = "Samples", "Samples", "{32ED0A31-ACE0-46FC-8644-41F4A94E2FFC}"
EndProject
Project("{FAE04EC0-301F-11D3-BF4B-00C04F79EFBC}") = "Usb.Net.AndroidSample", "Usb.Net.AndroidSample\Usb.Net.AndroidSample.csproj", "{3BC0AC7E-3B3B-4D3F-9CC0-B2BDECC460A6}"
EndProject
Project("{2150E333-8FDC-42A3-9474-1A3956D46DE8}") = "LibUsb", "LibUsb", "{0CC8477D-579D-409E-B332-848F725CCCDA}"
EndProject
Project("{9A19103F-16F7-4668-BE54-9A1E7A4F7556}") = "Device.Net.LibUsb", "Device.Net.LibUsb\Device.Net.LibUsb.csproj", "{4D641249-0812-4178-8AE6-CE6DF7F33D4E}"
EndProject
Project("{9A19103F-16F7-4668-BE54-9A1E7A4F7556}") = "Device.Net.LibUsbSample", "Device.Net.LibUsbSample\Device.Net.LibUsbSample.csproj", "{EF909886-4E67-47FD-A1EE-CEA7E628B0A3}"
EndProject
Project("{2150E333-8FDC-42A3-9474-1A3956D46DE8}") = "Tests", "Tests", "{ED437AFB-1A20-40F6-BEA0-DF39080D4CAC}"
EndProject
Project("{9A19103F-16F7-4668-BE54-9A1E7A4F7556}") = "Device.Net.UnitTests", "Device.Net.UnitTests\Device.Net.UnitTests.csproj", "{C589B0F5-40FA-43DC-A802-6E50A3A3970A}"
EndProject
Project("{FAE04EC0-301F-11D3-BF4B-00C04F79EFBC}") = "Device.Net.UWPUnitTests", "Device.Net.UWPUnitTests\Device.Net.UWPUnitTests.csproj", "{FA055F57-CF58-499B-B064-B9CDF7AA7239}"
EndProject
Project("{2150E333-8FDC-42A3-9474-1A3956D46DE8}") = "SerialPort", "SerialPort", "{593D7312-7A8B-44C4-8564-F71B7CDFB354}"
EndProject
Project("{9A19103F-16F7-4668-BE54-9A1E7A4F7556}") = "SerialPort.Net", "SerialPort.Net\SerialPort.Net.csproj", "{309E6494-8279-4895-B925-79D090C2D2B9}"
EndProject
Project("{2150E333-8FDC-42A3-9474-1A3956D46DE8}") = "Solution Items", "Solution Items", "{A14F010F-EDF9-4945-919D-3E0FF44AF9A5}"
	ProjectSection(SolutionItems) = preProject
		.editorconfig = .editorconfig
	EndProjectSection
EndProject
Project("{9A19103F-16F7-4668-BE54-9A1E7A4F7556}") = "Device.Net.Reactive", "Device.Net.Reactive\Device.Net.Reactive.csproj", "{4C0D7E3B-4A58-41F7-A1A7-CE6D055BD30F}"
EndProject
Project("{FAE04EC0-301F-11D3-BF4B-00C04F79EFBC}") = "Device.Net.UWP", "Device.Net.UWP\Device.Net.UWP.csproj", "{9ABE7012-A953-4A9F-8860-C877D8D6F687}"
EndProject
Project("{FAE04EC0-301F-11D3-BF4B-00C04F79EFBC}") = "Hid.Net.UWP", "Hid.Net.UWP\Hid.Net.UWP.csproj", "{BC1DAD65-96A7-4772-873A-79895C7A3ADF}"
EndProject
Project("{FAE04EC0-301F-11D3-BF4B-00C04F79EFBC}") = "Usb.Net.UWP", "Usb.Net.UWP\Usb.Net.UWP.csproj", "{E00509CB-46F2-4DEE-ABBA-2514816AFFF4}"
EndProject
Project("{FAE04EC0-301F-11D3-BF4B-00C04F79EFBC}") = "Usb.Net.Android", "Usb.Net.Android\Usb.Net.Android.csproj", "{2230E90B-AE05-412F-8B83-E49627CD666E}"
EndProject
Global
	GlobalSection(SolutionConfigurationPlatforms) = preSolution
		Ad-Hoc|Any CPU = Ad-Hoc|Any CPU
		Ad-Hoc|ARM = Ad-Hoc|ARM
		Ad-Hoc|ARM64 = Ad-Hoc|ARM64
		Ad-Hoc|iPhone = Ad-Hoc|iPhone
		Ad-Hoc|iPhoneSimulator = Ad-Hoc|iPhoneSimulator
		Ad-Hoc|x64 = Ad-Hoc|x64
		Ad-Hoc|x86 = Ad-Hoc|x86
		AppStore|Any CPU = AppStore|Any CPU
		AppStore|ARM = AppStore|ARM
		AppStore|ARM64 = AppStore|ARM64
		AppStore|iPhone = AppStore|iPhone
		AppStore|iPhoneSimulator = AppStore|iPhoneSimulator
		AppStore|x64 = AppStore|x64
		AppStore|x86 = AppStore|x86
		Debug|Any CPU = Debug|Any CPU
		Debug|ARM = Debug|ARM
		Debug|ARM64 = Debug|ARM64
		Debug|iPhone = Debug|iPhone
		Debug|iPhoneSimulator = Debug|iPhoneSimulator
		Debug|x64 = Debug|x64
		Debug|x86 = Debug|x86
		Release|Any CPU = Release|Any CPU
		Release|ARM = Release|ARM
		Release|ARM64 = Release|ARM64
		Release|iPhone = Release|iPhone
		Release|iPhoneSimulator = Release|iPhoneSimulator
		Release|x64 = Release|x64
		Release|x86 = Release|x86
	EndGlobalSection
	GlobalSection(ProjectConfigurationPlatforms) = postSolution
		{50D00509-0703-4308-A89A-A5ACADAD7ABA}.Ad-Hoc|Any CPU.ActiveCfg = Release|Any CPU
		{50D00509-0703-4308-A89A-A5ACADAD7ABA}.Ad-Hoc|Any CPU.Build.0 = Release|Any CPU
		{50D00509-0703-4308-A89A-A5ACADAD7ABA}.Ad-Hoc|ARM.ActiveCfg = Release|Any CPU
		{50D00509-0703-4308-A89A-A5ACADAD7ABA}.Ad-Hoc|ARM.Build.0 = Release|Any CPU
		{50D00509-0703-4308-A89A-A5ACADAD7ABA}.Ad-Hoc|ARM64.ActiveCfg = Release|Any CPU
		{50D00509-0703-4308-A89A-A5ACADAD7ABA}.Ad-Hoc|ARM64.Build.0 = Release|Any CPU
		{50D00509-0703-4308-A89A-A5ACADAD7ABA}.Ad-Hoc|iPhone.ActiveCfg = Release|Any CPU
		{50D00509-0703-4308-A89A-A5ACADAD7ABA}.Ad-Hoc|iPhone.Build.0 = Release|Any CPU
		{50D00509-0703-4308-A89A-A5ACADAD7ABA}.Ad-Hoc|iPhoneSimulator.ActiveCfg = Release|Any CPU
		{50D00509-0703-4308-A89A-A5ACADAD7ABA}.Ad-Hoc|iPhoneSimulator.Build.0 = Release|Any CPU
		{50D00509-0703-4308-A89A-A5ACADAD7ABA}.Ad-Hoc|x64.ActiveCfg = Release|Any CPU
		{50D00509-0703-4308-A89A-A5ACADAD7ABA}.Ad-Hoc|x64.Build.0 = Release|Any CPU
		{50D00509-0703-4308-A89A-A5ACADAD7ABA}.Ad-Hoc|x86.ActiveCfg = Release|Any CPU
		{50D00509-0703-4308-A89A-A5ACADAD7ABA}.Ad-Hoc|x86.Build.0 = Release|Any CPU
		{50D00509-0703-4308-A89A-A5ACADAD7ABA}.AppStore|Any CPU.ActiveCfg = Release|Any CPU
		{50D00509-0703-4308-A89A-A5ACADAD7ABA}.AppStore|Any CPU.Build.0 = Release|Any CPU
		{50D00509-0703-4308-A89A-A5ACADAD7ABA}.AppStore|ARM.ActiveCfg = Release|Any CPU
		{50D00509-0703-4308-A89A-A5ACADAD7ABA}.AppStore|ARM.Build.0 = Release|Any CPU
		{50D00509-0703-4308-A89A-A5ACADAD7ABA}.AppStore|ARM64.ActiveCfg = Release|Any CPU
		{50D00509-0703-4308-A89A-A5ACADAD7ABA}.AppStore|ARM64.Build.0 = Release|Any CPU
		{50D00509-0703-4308-A89A-A5ACADAD7ABA}.AppStore|iPhone.ActiveCfg = Release|Any CPU
		{50D00509-0703-4308-A89A-A5ACADAD7ABA}.AppStore|iPhone.Build.0 = Release|Any CPU
		{50D00509-0703-4308-A89A-A5ACADAD7ABA}.AppStore|iPhoneSimulator.ActiveCfg = Release|Any CPU
		{50D00509-0703-4308-A89A-A5ACADAD7ABA}.AppStore|iPhoneSimulator.Build.0 = Release|Any CPU
		{50D00509-0703-4308-A89A-A5ACADAD7ABA}.AppStore|x64.ActiveCfg = Release|Any CPU
		{50D00509-0703-4308-A89A-A5ACADAD7ABA}.AppStore|x64.Build.0 = Release|Any CPU
		{50D00509-0703-4308-A89A-A5ACADAD7ABA}.AppStore|x86.ActiveCfg = Release|Any CPU
		{50D00509-0703-4308-A89A-A5ACADAD7ABA}.AppStore|x86.Build.0 = Release|Any CPU
		{50D00509-0703-4308-A89A-A5ACADAD7ABA}.Debug|Any CPU.ActiveCfg = Debug|Any CPU
		{50D00509-0703-4308-A89A-A5ACADAD7ABA}.Debug|Any CPU.Build.0 = Debug|Any CPU
		{50D00509-0703-4308-A89A-A5ACADAD7ABA}.Debug|ARM.ActiveCfg = Debug|Any CPU
		{50D00509-0703-4308-A89A-A5ACADAD7ABA}.Debug|ARM.Build.0 = Debug|Any CPU
		{50D00509-0703-4308-A89A-A5ACADAD7ABA}.Debug|ARM64.ActiveCfg = Debug|Any CPU
		{50D00509-0703-4308-A89A-A5ACADAD7ABA}.Debug|ARM64.Build.0 = Debug|Any CPU
		{50D00509-0703-4308-A89A-A5ACADAD7ABA}.Debug|iPhone.ActiveCfg = Debug|Any CPU
		{50D00509-0703-4308-A89A-A5ACADAD7ABA}.Debug|iPhone.Build.0 = Debug|Any CPU
		{50D00509-0703-4308-A89A-A5ACADAD7ABA}.Debug|iPhoneSimulator.ActiveCfg = Debug|Any CPU
		{50D00509-0703-4308-A89A-A5ACADAD7ABA}.Debug|iPhoneSimulator.Build.0 = Debug|Any CPU
		{50D00509-0703-4308-A89A-A5ACADAD7ABA}.Debug|x64.ActiveCfg = Debug|Any CPU
		{50D00509-0703-4308-A89A-A5ACADAD7ABA}.Debug|x64.Build.0 = Debug|Any CPU
		{50D00509-0703-4308-A89A-A5ACADAD7ABA}.Debug|x86.ActiveCfg = Debug|Any CPU
		{50D00509-0703-4308-A89A-A5ACADAD7ABA}.Debug|x86.Build.0 = Debug|Any CPU
		{50D00509-0703-4308-A89A-A5ACADAD7ABA}.Release|Any CPU.ActiveCfg = Release|Any CPU
		{50D00509-0703-4308-A89A-A5ACADAD7ABA}.Release|Any CPU.Build.0 = Release|Any CPU
		{50D00509-0703-4308-A89A-A5ACADAD7ABA}.Release|ARM.ActiveCfg = Release|Any CPU
		{50D00509-0703-4308-A89A-A5ACADAD7ABA}.Release|ARM.Build.0 = Release|Any CPU
		{50D00509-0703-4308-A89A-A5ACADAD7ABA}.Release|ARM64.ActiveCfg = Release|Any CPU
		{50D00509-0703-4308-A89A-A5ACADAD7ABA}.Release|ARM64.Build.0 = Release|Any CPU
		{50D00509-0703-4308-A89A-A5ACADAD7ABA}.Release|iPhone.ActiveCfg = Release|Any CPU
		{50D00509-0703-4308-A89A-A5ACADAD7ABA}.Release|iPhone.Build.0 = Release|Any CPU
		{50D00509-0703-4308-A89A-A5ACADAD7ABA}.Release|iPhoneSimulator.ActiveCfg = Release|Any CPU
		{50D00509-0703-4308-A89A-A5ACADAD7ABA}.Release|iPhoneSimulator.Build.0 = Release|Any CPU
		{50D00509-0703-4308-A89A-A5ACADAD7ABA}.Release|x64.ActiveCfg = Release|Any CPU
		{50D00509-0703-4308-A89A-A5ACADAD7ABA}.Release|x64.Build.0 = Release|Any CPU
		{50D00509-0703-4308-A89A-A5ACADAD7ABA}.Release|x86.ActiveCfg = Release|Any CPU
		{50D00509-0703-4308-A89A-A5ACADAD7ABA}.Release|x86.Build.0 = Release|Any CPU
		{ECB44DDD-BBFA-459A-9C60-4F65A1014A48}.Ad-Hoc|Any CPU.ActiveCfg = Release|Any CPU
		{ECB44DDD-BBFA-459A-9C60-4F65A1014A48}.Ad-Hoc|Any CPU.Build.0 = Release|Any CPU
		{ECB44DDD-BBFA-459A-9C60-4F65A1014A48}.Ad-Hoc|ARM.ActiveCfg = Release|Any CPU
		{ECB44DDD-BBFA-459A-9C60-4F65A1014A48}.Ad-Hoc|ARM.Build.0 = Release|Any CPU
		{ECB44DDD-BBFA-459A-9C60-4F65A1014A48}.Ad-Hoc|ARM64.ActiveCfg = Release|Any CPU
		{ECB44DDD-BBFA-459A-9C60-4F65A1014A48}.Ad-Hoc|ARM64.Build.0 = Release|Any CPU
		{ECB44DDD-BBFA-459A-9C60-4F65A1014A48}.Ad-Hoc|iPhone.ActiveCfg = Release|Any CPU
		{ECB44DDD-BBFA-459A-9C60-4F65A1014A48}.Ad-Hoc|iPhone.Build.0 = Release|Any CPU
		{ECB44DDD-BBFA-459A-9C60-4F65A1014A48}.Ad-Hoc|iPhoneSimulator.ActiveCfg = Release|Any CPU
		{ECB44DDD-BBFA-459A-9C60-4F65A1014A48}.Ad-Hoc|iPhoneSimulator.Build.0 = Release|Any CPU
		{ECB44DDD-BBFA-459A-9C60-4F65A1014A48}.Ad-Hoc|x64.ActiveCfg = Release|Any CPU
		{ECB44DDD-BBFA-459A-9C60-4F65A1014A48}.Ad-Hoc|x64.Build.0 = Release|Any CPU
		{ECB44DDD-BBFA-459A-9C60-4F65A1014A48}.Ad-Hoc|x86.ActiveCfg = Release|Any CPU
		{ECB44DDD-BBFA-459A-9C60-4F65A1014A48}.Ad-Hoc|x86.Build.0 = Release|Any CPU
		{ECB44DDD-BBFA-459A-9C60-4F65A1014A48}.AppStore|Any CPU.ActiveCfg = Release|Any CPU
		{ECB44DDD-BBFA-459A-9C60-4F65A1014A48}.AppStore|Any CPU.Build.0 = Release|Any CPU
		{ECB44DDD-BBFA-459A-9C60-4F65A1014A48}.AppStore|ARM.ActiveCfg = Release|Any CPU
		{ECB44DDD-BBFA-459A-9C60-4F65A1014A48}.AppStore|ARM.Build.0 = Release|Any CPU
		{ECB44DDD-BBFA-459A-9C60-4F65A1014A48}.AppStore|ARM64.ActiveCfg = Release|Any CPU
		{ECB44DDD-BBFA-459A-9C60-4F65A1014A48}.AppStore|ARM64.Build.0 = Release|Any CPU
		{ECB44DDD-BBFA-459A-9C60-4F65A1014A48}.AppStore|iPhone.ActiveCfg = Release|Any CPU
		{ECB44DDD-BBFA-459A-9C60-4F65A1014A48}.AppStore|iPhone.Build.0 = Release|Any CPU
		{ECB44DDD-BBFA-459A-9C60-4F65A1014A48}.AppStore|iPhoneSimulator.ActiveCfg = Release|Any CPU
		{ECB44DDD-BBFA-459A-9C60-4F65A1014A48}.AppStore|iPhoneSimulator.Build.0 = Release|Any CPU
		{ECB44DDD-BBFA-459A-9C60-4F65A1014A48}.AppStore|x64.ActiveCfg = Release|Any CPU
		{ECB44DDD-BBFA-459A-9C60-4F65A1014A48}.AppStore|x64.Build.0 = Release|Any CPU
		{ECB44DDD-BBFA-459A-9C60-4F65A1014A48}.AppStore|x86.ActiveCfg = Release|Any CPU
		{ECB44DDD-BBFA-459A-9C60-4F65A1014A48}.AppStore|x86.Build.0 = Release|Any CPU
		{ECB44DDD-BBFA-459A-9C60-4F65A1014A48}.Debug|Any CPU.ActiveCfg = Debug|Any CPU
		{ECB44DDD-BBFA-459A-9C60-4F65A1014A48}.Debug|Any CPU.Build.0 = Debug|Any CPU
		{ECB44DDD-BBFA-459A-9C60-4F65A1014A48}.Debug|ARM.ActiveCfg = Debug|Any CPU
		{ECB44DDD-BBFA-459A-9C60-4F65A1014A48}.Debug|ARM.Build.0 = Debug|Any CPU
		{ECB44DDD-BBFA-459A-9C60-4F65A1014A48}.Debug|ARM64.ActiveCfg = Debug|Any CPU
		{ECB44DDD-BBFA-459A-9C60-4F65A1014A48}.Debug|ARM64.Build.0 = Debug|Any CPU
		{ECB44DDD-BBFA-459A-9C60-4F65A1014A48}.Debug|iPhone.ActiveCfg = Debug|Any CPU
		{ECB44DDD-BBFA-459A-9C60-4F65A1014A48}.Debug|iPhone.Build.0 = Debug|Any CPU
		{ECB44DDD-BBFA-459A-9C60-4F65A1014A48}.Debug|iPhoneSimulator.ActiveCfg = Debug|Any CPU
		{ECB44DDD-BBFA-459A-9C60-4F65A1014A48}.Debug|iPhoneSimulator.Build.0 = Debug|Any CPU
		{ECB44DDD-BBFA-459A-9C60-4F65A1014A48}.Debug|x64.ActiveCfg = Debug|Any CPU
		{ECB44DDD-BBFA-459A-9C60-4F65A1014A48}.Debug|x64.Build.0 = Debug|Any CPU
		{ECB44DDD-BBFA-459A-9C60-4F65A1014A48}.Debug|x86.ActiveCfg = Debug|Any CPU
		{ECB44DDD-BBFA-459A-9C60-4F65A1014A48}.Debug|x86.Build.0 = Debug|Any CPU
		{ECB44DDD-BBFA-459A-9C60-4F65A1014A48}.Release|Any CPU.ActiveCfg = Release|Any CPU
		{ECB44DDD-BBFA-459A-9C60-4F65A1014A48}.Release|Any CPU.Build.0 = Release|Any CPU
		{ECB44DDD-BBFA-459A-9C60-4F65A1014A48}.Release|ARM.ActiveCfg = Release|Any CPU
		{ECB44DDD-BBFA-459A-9C60-4F65A1014A48}.Release|ARM.Build.0 = Release|Any CPU
		{ECB44DDD-BBFA-459A-9C60-4F65A1014A48}.Release|ARM64.ActiveCfg = Release|Any CPU
		{ECB44DDD-BBFA-459A-9C60-4F65A1014A48}.Release|ARM64.Build.0 = Release|Any CPU
		{ECB44DDD-BBFA-459A-9C60-4F65A1014A48}.Release|iPhone.ActiveCfg = Release|Any CPU
		{ECB44DDD-BBFA-459A-9C60-4F65A1014A48}.Release|iPhone.Build.0 = Release|Any CPU
		{ECB44DDD-BBFA-459A-9C60-4F65A1014A48}.Release|iPhoneSimulator.ActiveCfg = Release|Any CPU
		{ECB44DDD-BBFA-459A-9C60-4F65A1014A48}.Release|iPhoneSimulator.Build.0 = Release|Any CPU
		{ECB44DDD-BBFA-459A-9C60-4F65A1014A48}.Release|x64.ActiveCfg = Release|Any CPU
		{ECB44DDD-BBFA-459A-9C60-4F65A1014A48}.Release|x64.Build.0 = Release|Any CPU
		{ECB44DDD-BBFA-459A-9C60-4F65A1014A48}.Release|x86.ActiveCfg = Release|Any CPU
		{ECB44DDD-BBFA-459A-9C60-4F65A1014A48}.Release|x86.Build.0 = Release|Any CPU
		{AAC55EE8-183B-487F-9E2C-08E14E7E4894}.Ad-Hoc|Any CPU.ActiveCfg = Release|Any CPU
		{AAC55EE8-183B-487F-9E2C-08E14E7E4894}.Ad-Hoc|Any CPU.Build.0 = Release|Any CPU
		{AAC55EE8-183B-487F-9E2C-08E14E7E4894}.Ad-Hoc|ARM.ActiveCfg = Release|Any CPU
		{AAC55EE8-183B-487F-9E2C-08E14E7E4894}.Ad-Hoc|ARM.Build.0 = Release|Any CPU
		{AAC55EE8-183B-487F-9E2C-08E14E7E4894}.Ad-Hoc|ARM64.ActiveCfg = Release|Any CPU
		{AAC55EE8-183B-487F-9E2C-08E14E7E4894}.Ad-Hoc|ARM64.Build.0 = Release|Any CPU
		{AAC55EE8-183B-487F-9E2C-08E14E7E4894}.Ad-Hoc|iPhone.ActiveCfg = Release|Any CPU
		{AAC55EE8-183B-487F-9E2C-08E14E7E4894}.Ad-Hoc|iPhone.Build.0 = Release|Any CPU
		{AAC55EE8-183B-487F-9E2C-08E14E7E4894}.Ad-Hoc|iPhoneSimulator.ActiveCfg = Release|Any CPU
		{AAC55EE8-183B-487F-9E2C-08E14E7E4894}.Ad-Hoc|iPhoneSimulator.Build.0 = Release|Any CPU
		{AAC55EE8-183B-487F-9E2C-08E14E7E4894}.Ad-Hoc|x64.ActiveCfg = Release|Any CPU
		{AAC55EE8-183B-487F-9E2C-08E14E7E4894}.Ad-Hoc|x64.Build.0 = Release|Any CPU
		{AAC55EE8-183B-487F-9E2C-08E14E7E4894}.Ad-Hoc|x86.ActiveCfg = Release|Any CPU
		{AAC55EE8-183B-487F-9E2C-08E14E7E4894}.Ad-Hoc|x86.Build.0 = Release|Any CPU
		{AAC55EE8-183B-487F-9E2C-08E14E7E4894}.AppStore|Any CPU.ActiveCfg = Release|Any CPU
		{AAC55EE8-183B-487F-9E2C-08E14E7E4894}.AppStore|Any CPU.Build.0 = Release|Any CPU
		{AAC55EE8-183B-487F-9E2C-08E14E7E4894}.AppStore|ARM.ActiveCfg = Release|Any CPU
		{AAC55EE8-183B-487F-9E2C-08E14E7E4894}.AppStore|ARM.Build.0 = Release|Any CPU
		{AAC55EE8-183B-487F-9E2C-08E14E7E4894}.AppStore|ARM64.ActiveCfg = Release|Any CPU
		{AAC55EE8-183B-487F-9E2C-08E14E7E4894}.AppStore|ARM64.Build.0 = Release|Any CPU
		{AAC55EE8-183B-487F-9E2C-08E14E7E4894}.AppStore|iPhone.ActiveCfg = Release|Any CPU
		{AAC55EE8-183B-487F-9E2C-08E14E7E4894}.AppStore|iPhone.Build.0 = Release|Any CPU
		{AAC55EE8-183B-487F-9E2C-08E14E7E4894}.AppStore|iPhoneSimulator.ActiveCfg = Release|Any CPU
		{AAC55EE8-183B-487F-9E2C-08E14E7E4894}.AppStore|iPhoneSimulator.Build.0 = Release|Any CPU
		{AAC55EE8-183B-487F-9E2C-08E14E7E4894}.AppStore|x64.ActiveCfg = Release|Any CPU
		{AAC55EE8-183B-487F-9E2C-08E14E7E4894}.AppStore|x64.Build.0 = Release|Any CPU
		{AAC55EE8-183B-487F-9E2C-08E14E7E4894}.AppStore|x86.ActiveCfg = Release|Any CPU
		{AAC55EE8-183B-487F-9E2C-08E14E7E4894}.AppStore|x86.Build.0 = Release|Any CPU
		{AAC55EE8-183B-487F-9E2C-08E14E7E4894}.Debug|Any CPU.ActiveCfg = Debug|Any CPU
		{AAC55EE8-183B-487F-9E2C-08E14E7E4894}.Debug|Any CPU.Build.0 = Debug|Any CPU
		{AAC55EE8-183B-487F-9E2C-08E14E7E4894}.Debug|ARM.ActiveCfg = Debug|Any CPU
		{AAC55EE8-183B-487F-9E2C-08E14E7E4894}.Debug|ARM.Build.0 = Debug|Any CPU
		{AAC55EE8-183B-487F-9E2C-08E14E7E4894}.Debug|ARM64.ActiveCfg = Debug|Any CPU
		{AAC55EE8-183B-487F-9E2C-08E14E7E4894}.Debug|ARM64.Build.0 = Debug|Any CPU
		{AAC55EE8-183B-487F-9E2C-08E14E7E4894}.Debug|iPhone.ActiveCfg = Debug|Any CPU
		{AAC55EE8-183B-487F-9E2C-08E14E7E4894}.Debug|iPhone.Build.0 = Debug|Any CPU
		{AAC55EE8-183B-487F-9E2C-08E14E7E4894}.Debug|iPhoneSimulator.ActiveCfg = Debug|Any CPU
		{AAC55EE8-183B-487F-9E2C-08E14E7E4894}.Debug|iPhoneSimulator.Build.0 = Debug|Any CPU
		{AAC55EE8-183B-487F-9E2C-08E14E7E4894}.Debug|x64.ActiveCfg = Debug|Any CPU
		{AAC55EE8-183B-487F-9E2C-08E14E7E4894}.Debug|x64.Build.0 = Debug|Any CPU
		{AAC55EE8-183B-487F-9E2C-08E14E7E4894}.Debug|x86.ActiveCfg = Debug|Any CPU
		{AAC55EE8-183B-487F-9E2C-08E14E7E4894}.Debug|x86.Build.0 = Debug|Any CPU
		{AAC55EE8-183B-487F-9E2C-08E14E7E4894}.Release|Any CPU.ActiveCfg = Release|Any CPU
		{AAC55EE8-183B-487F-9E2C-08E14E7E4894}.Release|Any CPU.Build.0 = Release|Any CPU
		{AAC55EE8-183B-487F-9E2C-08E14E7E4894}.Release|ARM.ActiveCfg = Release|Any CPU
		{AAC55EE8-183B-487F-9E2C-08E14E7E4894}.Release|ARM.Build.0 = Release|Any CPU
		{AAC55EE8-183B-487F-9E2C-08E14E7E4894}.Release|ARM64.ActiveCfg = Release|Any CPU
		{AAC55EE8-183B-487F-9E2C-08E14E7E4894}.Release|ARM64.Build.0 = Release|Any CPU
		{AAC55EE8-183B-487F-9E2C-08E14E7E4894}.Release|iPhone.ActiveCfg = Release|Any CPU
		{AAC55EE8-183B-487F-9E2C-08E14E7E4894}.Release|iPhone.Build.0 = Release|Any CPU
		{AAC55EE8-183B-487F-9E2C-08E14E7E4894}.Release|iPhoneSimulator.ActiveCfg = Release|Any CPU
		{AAC55EE8-183B-487F-9E2C-08E14E7E4894}.Release|iPhoneSimulator.Build.0 = Release|Any CPU
		{AAC55EE8-183B-487F-9E2C-08E14E7E4894}.Release|x64.ActiveCfg = Release|Any CPU
		{AAC55EE8-183B-487F-9E2C-08E14E7E4894}.Release|x64.Build.0 = Release|Any CPU
		{AAC55EE8-183B-487F-9E2C-08E14E7E4894}.Release|x86.ActiveCfg = Release|Any CPU
		{AAC55EE8-183B-487F-9E2C-08E14E7E4894}.Release|x86.Build.0 = Release|Any CPU
		{A3248195-3EDF-4FE6-B065-865F74D53B0B}.Ad-Hoc|Any CPU.ActiveCfg = Release|Any CPU
		{A3248195-3EDF-4FE6-B065-865F74D53B0B}.Ad-Hoc|Any CPU.Build.0 = Release|Any CPU
		{A3248195-3EDF-4FE6-B065-865F74D53B0B}.Ad-Hoc|ARM.ActiveCfg = Release|Any CPU
		{A3248195-3EDF-4FE6-B065-865F74D53B0B}.Ad-Hoc|ARM.Build.0 = Release|Any CPU
		{A3248195-3EDF-4FE6-B065-865F74D53B0B}.Ad-Hoc|ARM64.ActiveCfg = Release|Any CPU
		{A3248195-3EDF-4FE6-B065-865F74D53B0B}.Ad-Hoc|ARM64.Build.0 = Release|Any CPU
		{A3248195-3EDF-4FE6-B065-865F74D53B0B}.Ad-Hoc|iPhone.ActiveCfg = Release|Any CPU
		{A3248195-3EDF-4FE6-B065-865F74D53B0B}.Ad-Hoc|iPhone.Build.0 = Release|Any CPU
		{A3248195-3EDF-4FE6-B065-865F74D53B0B}.Ad-Hoc|iPhoneSimulator.ActiveCfg = Release|Any CPU
		{A3248195-3EDF-4FE6-B065-865F74D53B0B}.Ad-Hoc|iPhoneSimulator.Build.0 = Release|Any CPU
		{A3248195-3EDF-4FE6-B065-865F74D53B0B}.Ad-Hoc|x64.ActiveCfg = Release|Any CPU
		{A3248195-3EDF-4FE6-B065-865F74D53B0B}.Ad-Hoc|x64.Build.0 = Release|Any CPU
		{A3248195-3EDF-4FE6-B065-865F74D53B0B}.Ad-Hoc|x86.ActiveCfg = Release|Any CPU
		{A3248195-3EDF-4FE6-B065-865F74D53B0B}.Ad-Hoc|x86.Build.0 = Release|Any CPU
		{A3248195-3EDF-4FE6-B065-865F74D53B0B}.AppStore|Any CPU.ActiveCfg = Release|Any CPU
		{A3248195-3EDF-4FE6-B065-865F74D53B0B}.AppStore|Any CPU.Build.0 = Release|Any CPU
		{A3248195-3EDF-4FE6-B065-865F74D53B0B}.AppStore|ARM.ActiveCfg = Release|Any CPU
		{A3248195-3EDF-4FE6-B065-865F74D53B0B}.AppStore|ARM.Build.0 = Release|Any CPU
		{A3248195-3EDF-4FE6-B065-865F74D53B0B}.AppStore|ARM64.ActiveCfg = Release|Any CPU
		{A3248195-3EDF-4FE6-B065-865F74D53B0B}.AppStore|ARM64.Build.0 = Release|Any CPU
		{A3248195-3EDF-4FE6-B065-865F74D53B0B}.AppStore|iPhone.ActiveCfg = Release|Any CPU
		{A3248195-3EDF-4FE6-B065-865F74D53B0B}.AppStore|iPhone.Build.0 = Release|Any CPU
		{A3248195-3EDF-4FE6-B065-865F74D53B0B}.AppStore|iPhoneSimulator.ActiveCfg = Release|Any CPU
		{A3248195-3EDF-4FE6-B065-865F74D53B0B}.AppStore|iPhoneSimulator.Build.0 = Release|Any CPU
		{A3248195-3EDF-4FE6-B065-865F74D53B0B}.AppStore|x64.ActiveCfg = Release|Any CPU
		{A3248195-3EDF-4FE6-B065-865F74D53B0B}.AppStore|x64.Build.0 = Release|Any CPU
		{A3248195-3EDF-4FE6-B065-865F74D53B0B}.AppStore|x86.ActiveCfg = Release|Any CPU
		{A3248195-3EDF-4FE6-B065-865F74D53B0B}.AppStore|x86.Build.0 = Release|Any CPU
		{A3248195-3EDF-4FE6-B065-865F74D53B0B}.Debug|Any CPU.ActiveCfg = Debug|Any CPU
		{A3248195-3EDF-4FE6-B065-865F74D53B0B}.Debug|Any CPU.Build.0 = Debug|Any CPU
		{A3248195-3EDF-4FE6-B065-865F74D53B0B}.Debug|ARM.ActiveCfg = Debug|Any CPU
		{A3248195-3EDF-4FE6-B065-865F74D53B0B}.Debug|ARM.Build.0 = Debug|Any CPU
		{A3248195-3EDF-4FE6-B065-865F74D53B0B}.Debug|ARM64.ActiveCfg = Debug|Any CPU
		{A3248195-3EDF-4FE6-B065-865F74D53B0B}.Debug|ARM64.Build.0 = Debug|Any CPU
		{A3248195-3EDF-4FE6-B065-865F74D53B0B}.Debug|iPhone.ActiveCfg = Debug|Any CPU
		{A3248195-3EDF-4FE6-B065-865F74D53B0B}.Debug|iPhone.Build.0 = Debug|Any CPU
		{A3248195-3EDF-4FE6-B065-865F74D53B0B}.Debug|iPhoneSimulator.ActiveCfg = Debug|Any CPU
		{A3248195-3EDF-4FE6-B065-865F74D53B0B}.Debug|iPhoneSimulator.Build.0 = Debug|Any CPU
		{A3248195-3EDF-4FE6-B065-865F74D53B0B}.Debug|x64.ActiveCfg = Debug|Any CPU
		{A3248195-3EDF-4FE6-B065-865F74D53B0B}.Debug|x64.Build.0 = Debug|Any CPU
		{A3248195-3EDF-4FE6-B065-865F74D53B0B}.Debug|x86.ActiveCfg = Debug|Any CPU
		{A3248195-3EDF-4FE6-B065-865F74D53B0B}.Debug|x86.Build.0 = Debug|Any CPU
		{A3248195-3EDF-4FE6-B065-865F74D53B0B}.Release|Any CPU.ActiveCfg = Release|Any CPU
		{A3248195-3EDF-4FE6-B065-865F74D53B0B}.Release|Any CPU.Build.0 = Release|Any CPU
		{A3248195-3EDF-4FE6-B065-865F74D53B0B}.Release|ARM.ActiveCfg = Release|Any CPU
		{A3248195-3EDF-4FE6-B065-865F74D53B0B}.Release|ARM.Build.0 = Release|Any CPU
		{A3248195-3EDF-4FE6-B065-865F74D53B0B}.Release|ARM64.ActiveCfg = Release|Any CPU
		{A3248195-3EDF-4FE6-B065-865F74D53B0B}.Release|ARM64.Build.0 = Release|Any CPU
		{A3248195-3EDF-4FE6-B065-865F74D53B0B}.Release|iPhone.ActiveCfg = Release|Any CPU
		{A3248195-3EDF-4FE6-B065-865F74D53B0B}.Release|iPhone.Build.0 = Release|Any CPU
		{A3248195-3EDF-4FE6-B065-865F74D53B0B}.Release|iPhoneSimulator.ActiveCfg = Release|Any CPU
		{A3248195-3EDF-4FE6-B065-865F74D53B0B}.Release|iPhoneSimulator.Build.0 = Release|Any CPU
		{A3248195-3EDF-4FE6-B065-865F74D53B0B}.Release|x64.ActiveCfg = Release|Any CPU
		{A3248195-3EDF-4FE6-B065-865F74D53B0B}.Release|x64.Build.0 = Release|Any CPU
		{A3248195-3EDF-4FE6-B065-865F74D53B0B}.Release|x86.ActiveCfg = Release|Any CPU
		{A3248195-3EDF-4FE6-B065-865F74D53B0B}.Release|x86.Build.0 = Release|Any CPU
		{63695F84-3EC6-4F6A-8C8C-5219D75EDB68}.Ad-Hoc|Any CPU.ActiveCfg = Release|x64
		{63695F84-3EC6-4F6A-8C8C-5219D75EDB68}.Ad-Hoc|Any CPU.Build.0 = Release|x64
		{63695F84-3EC6-4F6A-8C8C-5219D75EDB68}.Ad-Hoc|Any CPU.Deploy.0 = Release|x64
		{63695F84-3EC6-4F6A-8C8C-5219D75EDB68}.Ad-Hoc|ARM.ActiveCfg = Release|ARM
		{63695F84-3EC6-4F6A-8C8C-5219D75EDB68}.Ad-Hoc|ARM.Build.0 = Release|ARM
		{63695F84-3EC6-4F6A-8C8C-5219D75EDB68}.Ad-Hoc|ARM.Deploy.0 = Release|ARM
		{63695F84-3EC6-4F6A-8C8C-5219D75EDB68}.Ad-Hoc|ARM64.ActiveCfg = Release|x64
		{63695F84-3EC6-4F6A-8C8C-5219D75EDB68}.Ad-Hoc|ARM64.Build.0 = Release|x64
		{63695F84-3EC6-4F6A-8C8C-5219D75EDB68}.Ad-Hoc|ARM64.Deploy.0 = Release|x64
		{63695F84-3EC6-4F6A-8C8C-5219D75EDB68}.Ad-Hoc|iPhone.ActiveCfg = Release|x64
		{63695F84-3EC6-4F6A-8C8C-5219D75EDB68}.Ad-Hoc|iPhone.Build.0 = Release|x64
		{63695F84-3EC6-4F6A-8C8C-5219D75EDB68}.Ad-Hoc|iPhone.Deploy.0 = Release|x64
		{63695F84-3EC6-4F6A-8C8C-5219D75EDB68}.Ad-Hoc|iPhoneSimulator.ActiveCfg = Release|x64
		{63695F84-3EC6-4F6A-8C8C-5219D75EDB68}.Ad-Hoc|iPhoneSimulator.Build.0 = Release|x64
		{63695F84-3EC6-4F6A-8C8C-5219D75EDB68}.Ad-Hoc|iPhoneSimulator.Deploy.0 = Release|x64
		{63695F84-3EC6-4F6A-8C8C-5219D75EDB68}.Ad-Hoc|x64.ActiveCfg = Release|x64
		{63695F84-3EC6-4F6A-8C8C-5219D75EDB68}.Ad-Hoc|x64.Build.0 = Release|x64
		{63695F84-3EC6-4F6A-8C8C-5219D75EDB68}.Ad-Hoc|x64.Deploy.0 = Release|x64
		{63695F84-3EC6-4F6A-8C8C-5219D75EDB68}.Ad-Hoc|x86.ActiveCfg = Release|x86
		{63695F84-3EC6-4F6A-8C8C-5219D75EDB68}.Ad-Hoc|x86.Build.0 = Release|x86
		{63695F84-3EC6-4F6A-8C8C-5219D75EDB68}.Ad-Hoc|x86.Deploy.0 = Release|x86
		{63695F84-3EC6-4F6A-8C8C-5219D75EDB68}.AppStore|Any CPU.ActiveCfg = Release|x64
		{63695F84-3EC6-4F6A-8C8C-5219D75EDB68}.AppStore|Any CPU.Build.0 = Release|x64
		{63695F84-3EC6-4F6A-8C8C-5219D75EDB68}.AppStore|Any CPU.Deploy.0 = Release|x64
		{63695F84-3EC6-4F6A-8C8C-5219D75EDB68}.AppStore|ARM.ActiveCfg = Release|ARM
		{63695F84-3EC6-4F6A-8C8C-5219D75EDB68}.AppStore|ARM.Build.0 = Release|ARM
		{63695F84-3EC6-4F6A-8C8C-5219D75EDB68}.AppStore|ARM.Deploy.0 = Release|ARM
		{63695F84-3EC6-4F6A-8C8C-5219D75EDB68}.AppStore|ARM64.ActiveCfg = Release|x64
		{63695F84-3EC6-4F6A-8C8C-5219D75EDB68}.AppStore|ARM64.Build.0 = Release|x64
		{63695F84-3EC6-4F6A-8C8C-5219D75EDB68}.AppStore|ARM64.Deploy.0 = Release|x64
		{63695F84-3EC6-4F6A-8C8C-5219D75EDB68}.AppStore|iPhone.ActiveCfg = Release|x64
		{63695F84-3EC6-4F6A-8C8C-5219D75EDB68}.AppStore|iPhone.Build.0 = Release|x64
		{63695F84-3EC6-4F6A-8C8C-5219D75EDB68}.AppStore|iPhone.Deploy.0 = Release|x64
		{63695F84-3EC6-4F6A-8C8C-5219D75EDB68}.AppStore|iPhoneSimulator.ActiveCfg = Release|x64
		{63695F84-3EC6-4F6A-8C8C-5219D75EDB68}.AppStore|iPhoneSimulator.Build.0 = Release|x64
		{63695F84-3EC6-4F6A-8C8C-5219D75EDB68}.AppStore|iPhoneSimulator.Deploy.0 = Release|x64
		{63695F84-3EC6-4F6A-8C8C-5219D75EDB68}.AppStore|x64.ActiveCfg = Release|x64
		{63695F84-3EC6-4F6A-8C8C-5219D75EDB68}.AppStore|x64.Build.0 = Release|x64
		{63695F84-3EC6-4F6A-8C8C-5219D75EDB68}.AppStore|x64.Deploy.0 = Release|x64
		{63695F84-3EC6-4F6A-8C8C-5219D75EDB68}.AppStore|x86.ActiveCfg = Release|x86
		{63695F84-3EC6-4F6A-8C8C-5219D75EDB68}.AppStore|x86.Build.0 = Release|x86
		{63695F84-3EC6-4F6A-8C8C-5219D75EDB68}.AppStore|x86.Deploy.0 = Release|x86
		{63695F84-3EC6-4F6A-8C8C-5219D75EDB68}.Debug|Any CPU.ActiveCfg = Debug|x86
		{63695F84-3EC6-4F6A-8C8C-5219D75EDB68}.Debug|Any CPU.Build.0 = Debug|x86
		{63695F84-3EC6-4F6A-8C8C-5219D75EDB68}.Debug|Any CPU.Deploy.0 = Debug|x86
		{63695F84-3EC6-4F6A-8C8C-5219D75EDB68}.Debug|ARM.ActiveCfg = Debug|ARM
		{63695F84-3EC6-4F6A-8C8C-5219D75EDB68}.Debug|ARM.Build.0 = Debug|ARM
		{63695F84-3EC6-4F6A-8C8C-5219D75EDB68}.Debug|ARM.Deploy.0 = Debug|ARM
		{63695F84-3EC6-4F6A-8C8C-5219D75EDB68}.Debug|ARM64.ActiveCfg = Debug|x86
		{63695F84-3EC6-4F6A-8C8C-5219D75EDB68}.Debug|iPhone.ActiveCfg = Debug|x86
		{63695F84-3EC6-4F6A-8C8C-5219D75EDB68}.Debug|iPhoneSimulator.ActiveCfg = Debug|x86
		{63695F84-3EC6-4F6A-8C8C-5219D75EDB68}.Debug|x64.ActiveCfg = Debug|x64
		{63695F84-3EC6-4F6A-8C8C-5219D75EDB68}.Debug|x64.Build.0 = Debug|x64
		{63695F84-3EC6-4F6A-8C8C-5219D75EDB68}.Debug|x64.Deploy.0 = Debug|x64
		{63695F84-3EC6-4F6A-8C8C-5219D75EDB68}.Debug|x86.ActiveCfg = Debug|x86
		{63695F84-3EC6-4F6A-8C8C-5219D75EDB68}.Debug|x86.Build.0 = Debug|x86
		{63695F84-3EC6-4F6A-8C8C-5219D75EDB68}.Debug|x86.Deploy.0 = Debug|x86
		{63695F84-3EC6-4F6A-8C8C-5219D75EDB68}.Release|Any CPU.ActiveCfg = Release|x86
		{63695F84-3EC6-4F6A-8C8C-5219D75EDB68}.Release|Any CPU.Build.0 = Release|x86
		{63695F84-3EC6-4F6A-8C8C-5219D75EDB68}.Release|Any CPU.Deploy.0 = Release|x86
		{63695F84-3EC6-4F6A-8C8C-5219D75EDB68}.Release|ARM.ActiveCfg = Release|ARM
		{63695F84-3EC6-4F6A-8C8C-5219D75EDB68}.Release|ARM.Build.0 = Release|ARM
		{63695F84-3EC6-4F6A-8C8C-5219D75EDB68}.Release|ARM.Deploy.0 = Release|ARM
		{63695F84-3EC6-4F6A-8C8C-5219D75EDB68}.Release|ARM64.ActiveCfg = Release|x86
		{63695F84-3EC6-4F6A-8C8C-5219D75EDB68}.Release|iPhone.ActiveCfg = Release|x86
		{63695F84-3EC6-4F6A-8C8C-5219D75EDB68}.Release|iPhoneSimulator.ActiveCfg = Release|x86
		{63695F84-3EC6-4F6A-8C8C-5219D75EDB68}.Release|x64.ActiveCfg = Release|x64
		{63695F84-3EC6-4F6A-8C8C-5219D75EDB68}.Release|x64.Build.0 = Release|x64
		{63695F84-3EC6-4F6A-8C8C-5219D75EDB68}.Release|x64.Deploy.0 = Release|x64
		{63695F84-3EC6-4F6A-8C8C-5219D75EDB68}.Release|x86.ActiveCfg = Release|x86
		{63695F84-3EC6-4F6A-8C8C-5219D75EDB68}.Release|x86.Build.0 = Release|x86
		{63695F84-3EC6-4F6A-8C8C-5219D75EDB68}.Release|x86.Deploy.0 = Release|x86
		{3BC0AC7E-3B3B-4D3F-9CC0-B2BDECC460A6}.Ad-Hoc|Any CPU.ActiveCfg = Release|Any CPU
		{3BC0AC7E-3B3B-4D3F-9CC0-B2BDECC460A6}.Ad-Hoc|Any CPU.Build.0 = Release|Any CPU
		{3BC0AC7E-3B3B-4D3F-9CC0-B2BDECC460A6}.Ad-Hoc|Any CPU.Deploy.0 = Release|Any CPU
		{3BC0AC7E-3B3B-4D3F-9CC0-B2BDECC460A6}.Ad-Hoc|ARM.ActiveCfg = Release|Any CPU
		{3BC0AC7E-3B3B-4D3F-9CC0-B2BDECC460A6}.Ad-Hoc|ARM.Build.0 = Release|Any CPU
		{3BC0AC7E-3B3B-4D3F-9CC0-B2BDECC460A6}.Ad-Hoc|ARM.Deploy.0 = Release|Any CPU
		{3BC0AC7E-3B3B-4D3F-9CC0-B2BDECC460A6}.Ad-Hoc|ARM64.ActiveCfg = Release|Any CPU
		{3BC0AC7E-3B3B-4D3F-9CC0-B2BDECC460A6}.Ad-Hoc|ARM64.Build.0 = Release|Any CPU
		{3BC0AC7E-3B3B-4D3F-9CC0-B2BDECC460A6}.Ad-Hoc|ARM64.Deploy.0 = Release|Any CPU
		{3BC0AC7E-3B3B-4D3F-9CC0-B2BDECC460A6}.Ad-Hoc|iPhone.ActiveCfg = Release|Any CPU
		{3BC0AC7E-3B3B-4D3F-9CC0-B2BDECC460A6}.Ad-Hoc|iPhone.Build.0 = Release|Any CPU
		{3BC0AC7E-3B3B-4D3F-9CC0-B2BDECC460A6}.Ad-Hoc|iPhone.Deploy.0 = Release|Any CPU
		{3BC0AC7E-3B3B-4D3F-9CC0-B2BDECC460A6}.Ad-Hoc|iPhoneSimulator.ActiveCfg = Release|Any CPU
		{3BC0AC7E-3B3B-4D3F-9CC0-B2BDECC460A6}.Ad-Hoc|iPhoneSimulator.Build.0 = Release|Any CPU
		{3BC0AC7E-3B3B-4D3F-9CC0-B2BDECC460A6}.Ad-Hoc|iPhoneSimulator.Deploy.0 = Release|Any CPU
		{3BC0AC7E-3B3B-4D3F-9CC0-B2BDECC460A6}.Ad-Hoc|x64.ActiveCfg = Release|Any CPU
		{3BC0AC7E-3B3B-4D3F-9CC0-B2BDECC460A6}.Ad-Hoc|x64.Build.0 = Release|Any CPU
		{3BC0AC7E-3B3B-4D3F-9CC0-B2BDECC460A6}.Ad-Hoc|x64.Deploy.0 = Release|Any CPU
		{3BC0AC7E-3B3B-4D3F-9CC0-B2BDECC460A6}.Ad-Hoc|x86.ActiveCfg = Release|Any CPU
		{3BC0AC7E-3B3B-4D3F-9CC0-B2BDECC460A6}.Ad-Hoc|x86.Build.0 = Release|Any CPU
		{3BC0AC7E-3B3B-4D3F-9CC0-B2BDECC460A6}.Ad-Hoc|x86.Deploy.0 = Release|Any CPU
		{3BC0AC7E-3B3B-4D3F-9CC0-B2BDECC460A6}.AppStore|Any CPU.ActiveCfg = Release|Any CPU
		{3BC0AC7E-3B3B-4D3F-9CC0-B2BDECC460A6}.AppStore|Any CPU.Build.0 = Release|Any CPU
		{3BC0AC7E-3B3B-4D3F-9CC0-B2BDECC460A6}.AppStore|Any CPU.Deploy.0 = Release|Any CPU
		{3BC0AC7E-3B3B-4D3F-9CC0-B2BDECC460A6}.AppStore|ARM.ActiveCfg = Release|Any CPU
		{3BC0AC7E-3B3B-4D3F-9CC0-B2BDECC460A6}.AppStore|ARM.Build.0 = Release|Any CPU
		{3BC0AC7E-3B3B-4D3F-9CC0-B2BDECC460A6}.AppStore|ARM.Deploy.0 = Release|Any CPU
		{3BC0AC7E-3B3B-4D3F-9CC0-B2BDECC460A6}.AppStore|ARM64.ActiveCfg = Release|Any CPU
		{3BC0AC7E-3B3B-4D3F-9CC0-B2BDECC460A6}.AppStore|ARM64.Build.0 = Release|Any CPU
		{3BC0AC7E-3B3B-4D3F-9CC0-B2BDECC460A6}.AppStore|ARM64.Deploy.0 = Release|Any CPU
		{3BC0AC7E-3B3B-4D3F-9CC0-B2BDECC460A6}.AppStore|iPhone.ActiveCfg = Release|Any CPU
		{3BC0AC7E-3B3B-4D3F-9CC0-B2BDECC460A6}.AppStore|iPhone.Build.0 = Release|Any CPU
		{3BC0AC7E-3B3B-4D3F-9CC0-B2BDECC460A6}.AppStore|iPhone.Deploy.0 = Release|Any CPU
		{3BC0AC7E-3B3B-4D3F-9CC0-B2BDECC460A6}.AppStore|iPhoneSimulator.ActiveCfg = Release|Any CPU
		{3BC0AC7E-3B3B-4D3F-9CC0-B2BDECC460A6}.AppStore|iPhoneSimulator.Build.0 = Release|Any CPU
		{3BC0AC7E-3B3B-4D3F-9CC0-B2BDECC460A6}.AppStore|iPhoneSimulator.Deploy.0 = Release|Any CPU
		{3BC0AC7E-3B3B-4D3F-9CC0-B2BDECC460A6}.AppStore|x64.ActiveCfg = Release|Any CPU
		{3BC0AC7E-3B3B-4D3F-9CC0-B2BDECC460A6}.AppStore|x64.Build.0 = Release|Any CPU
		{3BC0AC7E-3B3B-4D3F-9CC0-B2BDECC460A6}.AppStore|x64.Deploy.0 = Release|Any CPU
		{3BC0AC7E-3B3B-4D3F-9CC0-B2BDECC460A6}.AppStore|x86.ActiveCfg = Release|Any CPU
		{3BC0AC7E-3B3B-4D3F-9CC0-B2BDECC460A6}.AppStore|x86.Build.0 = Release|Any CPU
		{3BC0AC7E-3B3B-4D3F-9CC0-B2BDECC460A6}.AppStore|x86.Deploy.0 = Release|Any CPU
		{3BC0AC7E-3B3B-4D3F-9CC0-B2BDECC460A6}.Debug|Any CPU.ActiveCfg = Debug|Any CPU
		{3BC0AC7E-3B3B-4D3F-9CC0-B2BDECC460A6}.Debug|Any CPU.Build.0 = Debug|Any CPU
		{3BC0AC7E-3B3B-4D3F-9CC0-B2BDECC460A6}.Debug|Any CPU.Deploy.0 = Debug|Any CPU
		{3BC0AC7E-3B3B-4D3F-9CC0-B2BDECC460A6}.Debug|ARM.ActiveCfg = Debug|Any CPU
		{3BC0AC7E-3B3B-4D3F-9CC0-B2BDECC460A6}.Debug|ARM.Build.0 = Debug|Any CPU
		{3BC0AC7E-3B3B-4D3F-9CC0-B2BDECC460A6}.Debug|ARM.Deploy.0 = Debug|Any CPU
		{3BC0AC7E-3B3B-4D3F-9CC0-B2BDECC460A6}.Debug|ARM64.ActiveCfg = Debug|Any CPU
		{3BC0AC7E-3B3B-4D3F-9CC0-B2BDECC460A6}.Debug|ARM64.Build.0 = Debug|Any CPU
		{3BC0AC7E-3B3B-4D3F-9CC0-B2BDECC460A6}.Debug|ARM64.Deploy.0 = Debug|Any CPU
		{3BC0AC7E-3B3B-4D3F-9CC0-B2BDECC460A6}.Debug|iPhone.ActiveCfg = Debug|Any CPU
		{3BC0AC7E-3B3B-4D3F-9CC0-B2BDECC460A6}.Debug|iPhone.Build.0 = Debug|Any CPU
		{3BC0AC7E-3B3B-4D3F-9CC0-B2BDECC460A6}.Debug|iPhone.Deploy.0 = Debug|Any CPU
		{3BC0AC7E-3B3B-4D3F-9CC0-B2BDECC460A6}.Debug|iPhoneSimulator.ActiveCfg = Debug|Any CPU
		{3BC0AC7E-3B3B-4D3F-9CC0-B2BDECC460A6}.Debug|iPhoneSimulator.Build.0 = Debug|Any CPU
		{3BC0AC7E-3B3B-4D3F-9CC0-B2BDECC460A6}.Debug|iPhoneSimulator.Deploy.0 = Debug|Any CPU
		{3BC0AC7E-3B3B-4D3F-9CC0-B2BDECC460A6}.Debug|x64.ActiveCfg = Debug|Any CPU
		{3BC0AC7E-3B3B-4D3F-9CC0-B2BDECC460A6}.Debug|x64.Build.0 = Debug|Any CPU
		{3BC0AC7E-3B3B-4D3F-9CC0-B2BDECC460A6}.Debug|x64.Deploy.0 = Debug|Any CPU
		{3BC0AC7E-3B3B-4D3F-9CC0-B2BDECC460A6}.Debug|x86.ActiveCfg = Debug|Any CPU
		{3BC0AC7E-3B3B-4D3F-9CC0-B2BDECC460A6}.Debug|x86.Build.0 = Debug|Any CPU
		{3BC0AC7E-3B3B-4D3F-9CC0-B2BDECC460A6}.Debug|x86.Deploy.0 = Debug|Any CPU
		{3BC0AC7E-3B3B-4D3F-9CC0-B2BDECC460A6}.Release|Any CPU.ActiveCfg = Release|Any CPU
		{3BC0AC7E-3B3B-4D3F-9CC0-B2BDECC460A6}.Release|Any CPU.Build.0 = Release|Any CPU
		{3BC0AC7E-3B3B-4D3F-9CC0-B2BDECC460A6}.Release|Any CPU.Deploy.0 = Release|Any CPU
		{3BC0AC7E-3B3B-4D3F-9CC0-B2BDECC460A6}.Release|ARM.ActiveCfg = Release|Any CPU
		{3BC0AC7E-3B3B-4D3F-9CC0-B2BDECC460A6}.Release|ARM.Build.0 = Release|Any CPU
		{3BC0AC7E-3B3B-4D3F-9CC0-B2BDECC460A6}.Release|ARM.Deploy.0 = Release|Any CPU
		{3BC0AC7E-3B3B-4D3F-9CC0-B2BDECC460A6}.Release|ARM64.ActiveCfg = Release|Any CPU
		{3BC0AC7E-3B3B-4D3F-9CC0-B2BDECC460A6}.Release|ARM64.Build.0 = Release|Any CPU
		{3BC0AC7E-3B3B-4D3F-9CC0-B2BDECC460A6}.Release|ARM64.Deploy.0 = Release|Any CPU
		{3BC0AC7E-3B3B-4D3F-9CC0-B2BDECC460A6}.Release|iPhone.ActiveCfg = Release|Any CPU
		{3BC0AC7E-3B3B-4D3F-9CC0-B2BDECC460A6}.Release|iPhone.Build.0 = Release|Any CPU
		{3BC0AC7E-3B3B-4D3F-9CC0-B2BDECC460A6}.Release|iPhone.Deploy.0 = Release|Any CPU
		{3BC0AC7E-3B3B-4D3F-9CC0-B2BDECC460A6}.Release|iPhoneSimulator.ActiveCfg = Release|Any CPU
		{3BC0AC7E-3B3B-4D3F-9CC0-B2BDECC460A6}.Release|iPhoneSimulator.Build.0 = Release|Any CPU
		{3BC0AC7E-3B3B-4D3F-9CC0-B2BDECC460A6}.Release|iPhoneSimulator.Deploy.0 = Release|Any CPU
		{3BC0AC7E-3B3B-4D3F-9CC0-B2BDECC460A6}.Release|x64.ActiveCfg = Release|Any CPU
		{3BC0AC7E-3B3B-4D3F-9CC0-B2BDECC460A6}.Release|x64.Build.0 = Release|Any CPU
		{3BC0AC7E-3B3B-4D3F-9CC0-B2BDECC460A6}.Release|x64.Deploy.0 = Release|Any CPU
		{3BC0AC7E-3B3B-4D3F-9CC0-B2BDECC460A6}.Release|x86.ActiveCfg = Release|Any CPU
		{3BC0AC7E-3B3B-4D3F-9CC0-B2BDECC460A6}.Release|x86.Build.0 = Release|Any CPU
		{3BC0AC7E-3B3B-4D3F-9CC0-B2BDECC460A6}.Release|x86.Deploy.0 = Release|Any CPU
		{4D641249-0812-4178-8AE6-CE6DF7F33D4E}.Ad-Hoc|Any CPU.ActiveCfg = Release|Any CPU
		{4D641249-0812-4178-8AE6-CE6DF7F33D4E}.Ad-Hoc|Any CPU.Build.0 = Release|Any CPU
		{4D641249-0812-4178-8AE6-CE6DF7F33D4E}.Ad-Hoc|ARM.ActiveCfg = Release|Any CPU
		{4D641249-0812-4178-8AE6-CE6DF7F33D4E}.Ad-Hoc|ARM.Build.0 = Release|Any CPU
		{4D641249-0812-4178-8AE6-CE6DF7F33D4E}.Ad-Hoc|ARM64.ActiveCfg = Release|Any CPU
		{4D641249-0812-4178-8AE6-CE6DF7F33D4E}.Ad-Hoc|ARM64.Build.0 = Release|Any CPU
		{4D641249-0812-4178-8AE6-CE6DF7F33D4E}.Ad-Hoc|iPhone.ActiveCfg = Release|Any CPU
		{4D641249-0812-4178-8AE6-CE6DF7F33D4E}.Ad-Hoc|iPhone.Build.0 = Release|Any CPU
		{4D641249-0812-4178-8AE6-CE6DF7F33D4E}.Ad-Hoc|iPhoneSimulator.ActiveCfg = Release|Any CPU
		{4D641249-0812-4178-8AE6-CE6DF7F33D4E}.Ad-Hoc|iPhoneSimulator.Build.0 = Release|Any CPU
		{4D641249-0812-4178-8AE6-CE6DF7F33D4E}.Ad-Hoc|x64.ActiveCfg = Release|Any CPU
		{4D641249-0812-4178-8AE6-CE6DF7F33D4E}.Ad-Hoc|x64.Build.0 = Release|Any CPU
		{4D641249-0812-4178-8AE6-CE6DF7F33D4E}.Ad-Hoc|x86.ActiveCfg = Release|Any CPU
		{4D641249-0812-4178-8AE6-CE6DF7F33D4E}.Ad-Hoc|x86.Build.0 = Release|Any CPU
		{4D641249-0812-4178-8AE6-CE6DF7F33D4E}.AppStore|Any CPU.ActiveCfg = Release|Any CPU
		{4D641249-0812-4178-8AE6-CE6DF7F33D4E}.AppStore|Any CPU.Build.0 = Release|Any CPU
		{4D641249-0812-4178-8AE6-CE6DF7F33D4E}.AppStore|ARM.ActiveCfg = Release|Any CPU
		{4D641249-0812-4178-8AE6-CE6DF7F33D4E}.AppStore|ARM.Build.0 = Release|Any CPU
		{4D641249-0812-4178-8AE6-CE6DF7F33D4E}.AppStore|ARM64.ActiveCfg = Release|Any CPU
		{4D641249-0812-4178-8AE6-CE6DF7F33D4E}.AppStore|ARM64.Build.0 = Release|Any CPU
		{4D641249-0812-4178-8AE6-CE6DF7F33D4E}.AppStore|iPhone.ActiveCfg = Release|Any CPU
		{4D641249-0812-4178-8AE6-CE6DF7F33D4E}.AppStore|iPhone.Build.0 = Release|Any CPU
		{4D641249-0812-4178-8AE6-CE6DF7F33D4E}.AppStore|iPhoneSimulator.ActiveCfg = Release|Any CPU
		{4D641249-0812-4178-8AE6-CE6DF7F33D4E}.AppStore|iPhoneSimulator.Build.0 = Release|Any CPU
		{4D641249-0812-4178-8AE6-CE6DF7F33D4E}.AppStore|x64.ActiveCfg = Release|Any CPU
		{4D641249-0812-4178-8AE6-CE6DF7F33D4E}.AppStore|x64.Build.0 = Release|Any CPU
		{4D641249-0812-4178-8AE6-CE6DF7F33D4E}.AppStore|x86.ActiveCfg = Release|Any CPU
		{4D641249-0812-4178-8AE6-CE6DF7F33D4E}.AppStore|x86.Build.0 = Release|Any CPU
		{4D641249-0812-4178-8AE6-CE6DF7F33D4E}.Debug|Any CPU.ActiveCfg = Debug|Any CPU
		{4D641249-0812-4178-8AE6-CE6DF7F33D4E}.Debug|Any CPU.Build.0 = Debug|Any CPU
		{4D641249-0812-4178-8AE6-CE6DF7F33D4E}.Debug|ARM.ActiveCfg = Debug|Any CPU
		{4D641249-0812-4178-8AE6-CE6DF7F33D4E}.Debug|ARM.Build.0 = Debug|Any CPU
		{4D641249-0812-4178-8AE6-CE6DF7F33D4E}.Debug|ARM64.ActiveCfg = Debug|Any CPU
		{4D641249-0812-4178-8AE6-CE6DF7F33D4E}.Debug|ARM64.Build.0 = Debug|Any CPU
		{4D641249-0812-4178-8AE6-CE6DF7F33D4E}.Debug|iPhone.ActiveCfg = Debug|Any CPU
		{4D641249-0812-4178-8AE6-CE6DF7F33D4E}.Debug|iPhone.Build.0 = Debug|Any CPU
		{4D641249-0812-4178-8AE6-CE6DF7F33D4E}.Debug|iPhoneSimulator.ActiveCfg = Debug|Any CPU
		{4D641249-0812-4178-8AE6-CE6DF7F33D4E}.Debug|iPhoneSimulator.Build.0 = Debug|Any CPU
		{4D641249-0812-4178-8AE6-CE6DF7F33D4E}.Debug|x64.ActiveCfg = Debug|Any CPU
		{4D641249-0812-4178-8AE6-CE6DF7F33D4E}.Debug|x64.Build.0 = Debug|Any CPU
		{4D641249-0812-4178-8AE6-CE6DF7F33D4E}.Debug|x86.ActiveCfg = Debug|Any CPU
		{4D641249-0812-4178-8AE6-CE6DF7F33D4E}.Debug|x86.Build.0 = Debug|Any CPU
		{4D641249-0812-4178-8AE6-CE6DF7F33D4E}.Release|Any CPU.ActiveCfg = Release|Any CPU
		{4D641249-0812-4178-8AE6-CE6DF7F33D4E}.Release|Any CPU.Build.0 = Release|Any CPU
		{4D641249-0812-4178-8AE6-CE6DF7F33D4E}.Release|ARM.ActiveCfg = Release|Any CPU
		{4D641249-0812-4178-8AE6-CE6DF7F33D4E}.Release|ARM.Build.0 = Release|Any CPU
		{4D641249-0812-4178-8AE6-CE6DF7F33D4E}.Release|ARM64.ActiveCfg = Release|Any CPU
		{4D641249-0812-4178-8AE6-CE6DF7F33D4E}.Release|ARM64.Build.0 = Release|Any CPU
		{4D641249-0812-4178-8AE6-CE6DF7F33D4E}.Release|iPhone.ActiveCfg = Release|Any CPU
		{4D641249-0812-4178-8AE6-CE6DF7F33D4E}.Release|iPhone.Build.0 = Release|Any CPU
		{4D641249-0812-4178-8AE6-CE6DF7F33D4E}.Release|iPhoneSimulator.ActiveCfg = Release|Any CPU
		{4D641249-0812-4178-8AE6-CE6DF7F33D4E}.Release|iPhoneSimulator.Build.0 = Release|Any CPU
		{4D641249-0812-4178-8AE6-CE6DF7F33D4E}.Release|x64.ActiveCfg = Release|Any CPU
		{4D641249-0812-4178-8AE6-CE6DF7F33D4E}.Release|x64.Build.0 = Release|Any CPU
		{4D641249-0812-4178-8AE6-CE6DF7F33D4E}.Release|x86.ActiveCfg = Release|Any CPU
		{4D641249-0812-4178-8AE6-CE6DF7F33D4E}.Release|x86.Build.0 = Release|Any CPU
		{EF909886-4E67-47FD-A1EE-CEA7E628B0A3}.Ad-Hoc|Any CPU.ActiveCfg = Release|Any CPU
		{EF909886-4E67-47FD-A1EE-CEA7E628B0A3}.Ad-Hoc|Any CPU.Build.0 = Release|Any CPU
		{EF909886-4E67-47FD-A1EE-CEA7E628B0A3}.Ad-Hoc|ARM.ActiveCfg = Release|Any CPU
		{EF909886-4E67-47FD-A1EE-CEA7E628B0A3}.Ad-Hoc|ARM.Build.0 = Release|Any CPU
		{EF909886-4E67-47FD-A1EE-CEA7E628B0A3}.Ad-Hoc|ARM64.ActiveCfg = Release|Any CPU
		{EF909886-4E67-47FD-A1EE-CEA7E628B0A3}.Ad-Hoc|ARM64.Build.0 = Release|Any CPU
		{EF909886-4E67-47FD-A1EE-CEA7E628B0A3}.Ad-Hoc|iPhone.ActiveCfg = Release|Any CPU
		{EF909886-4E67-47FD-A1EE-CEA7E628B0A3}.Ad-Hoc|iPhone.Build.0 = Release|Any CPU
		{EF909886-4E67-47FD-A1EE-CEA7E628B0A3}.Ad-Hoc|iPhoneSimulator.ActiveCfg = Release|Any CPU
		{EF909886-4E67-47FD-A1EE-CEA7E628B0A3}.Ad-Hoc|iPhoneSimulator.Build.0 = Release|Any CPU
		{EF909886-4E67-47FD-A1EE-CEA7E628B0A3}.Ad-Hoc|x64.ActiveCfg = Release|Any CPU
		{EF909886-4E67-47FD-A1EE-CEA7E628B0A3}.Ad-Hoc|x64.Build.0 = Release|Any CPU
		{EF909886-4E67-47FD-A1EE-CEA7E628B0A3}.Ad-Hoc|x86.ActiveCfg = Release|Any CPU
		{EF909886-4E67-47FD-A1EE-CEA7E628B0A3}.Ad-Hoc|x86.Build.0 = Release|Any CPU
		{EF909886-4E67-47FD-A1EE-CEA7E628B0A3}.AppStore|Any CPU.ActiveCfg = Release|Any CPU
		{EF909886-4E67-47FD-A1EE-CEA7E628B0A3}.AppStore|Any CPU.Build.0 = Release|Any CPU
		{EF909886-4E67-47FD-A1EE-CEA7E628B0A3}.AppStore|ARM.ActiveCfg = Release|Any CPU
		{EF909886-4E67-47FD-A1EE-CEA7E628B0A3}.AppStore|ARM.Build.0 = Release|Any CPU
		{EF909886-4E67-47FD-A1EE-CEA7E628B0A3}.AppStore|ARM64.ActiveCfg = Release|Any CPU
		{EF909886-4E67-47FD-A1EE-CEA7E628B0A3}.AppStore|ARM64.Build.0 = Release|Any CPU
		{EF909886-4E67-47FD-A1EE-CEA7E628B0A3}.AppStore|iPhone.ActiveCfg = Release|Any CPU
		{EF909886-4E67-47FD-A1EE-CEA7E628B0A3}.AppStore|iPhone.Build.0 = Release|Any CPU
		{EF909886-4E67-47FD-A1EE-CEA7E628B0A3}.AppStore|iPhoneSimulator.ActiveCfg = Release|Any CPU
		{EF909886-4E67-47FD-A1EE-CEA7E628B0A3}.AppStore|iPhoneSimulator.Build.0 = Release|Any CPU
		{EF909886-4E67-47FD-A1EE-CEA7E628B0A3}.AppStore|x64.ActiveCfg = Release|Any CPU
		{EF909886-4E67-47FD-A1EE-CEA7E628B0A3}.AppStore|x64.Build.0 = Release|Any CPU
		{EF909886-4E67-47FD-A1EE-CEA7E628B0A3}.AppStore|x86.ActiveCfg = Release|Any CPU
		{EF909886-4E67-47FD-A1EE-CEA7E628B0A3}.AppStore|x86.Build.0 = Release|Any CPU
		{EF909886-4E67-47FD-A1EE-CEA7E628B0A3}.Debug|Any CPU.ActiveCfg = Debug|Any CPU
		{EF909886-4E67-47FD-A1EE-CEA7E628B0A3}.Debug|Any CPU.Build.0 = Debug|Any CPU
		{EF909886-4E67-47FD-A1EE-CEA7E628B0A3}.Debug|ARM.ActiveCfg = Debug|Any CPU
		{EF909886-4E67-47FD-A1EE-CEA7E628B0A3}.Debug|ARM.Build.0 = Debug|Any CPU
		{EF909886-4E67-47FD-A1EE-CEA7E628B0A3}.Debug|ARM64.ActiveCfg = Debug|Any CPU
		{EF909886-4E67-47FD-A1EE-CEA7E628B0A3}.Debug|ARM64.Build.0 = Debug|Any CPU
		{EF909886-4E67-47FD-A1EE-CEA7E628B0A3}.Debug|iPhone.ActiveCfg = Debug|Any CPU
		{EF909886-4E67-47FD-A1EE-CEA7E628B0A3}.Debug|iPhone.Build.0 = Debug|Any CPU
		{EF909886-4E67-47FD-A1EE-CEA7E628B0A3}.Debug|iPhoneSimulator.ActiveCfg = Debug|Any CPU
		{EF909886-4E67-47FD-A1EE-CEA7E628B0A3}.Debug|iPhoneSimulator.Build.0 = Debug|Any CPU
		{EF909886-4E67-47FD-A1EE-CEA7E628B0A3}.Debug|x64.ActiveCfg = Debug|Any CPU
		{EF909886-4E67-47FD-A1EE-CEA7E628B0A3}.Debug|x64.Build.0 = Debug|Any CPU
		{EF909886-4E67-47FD-A1EE-CEA7E628B0A3}.Debug|x86.ActiveCfg = Debug|Any CPU
		{EF909886-4E67-47FD-A1EE-CEA7E628B0A3}.Debug|x86.Build.0 = Debug|Any CPU
		{EF909886-4E67-47FD-A1EE-CEA7E628B0A3}.Release|Any CPU.ActiveCfg = Release|Any CPU
		{EF909886-4E67-47FD-A1EE-CEA7E628B0A3}.Release|Any CPU.Build.0 = Release|Any CPU
		{EF909886-4E67-47FD-A1EE-CEA7E628B0A3}.Release|ARM.ActiveCfg = Release|Any CPU
		{EF909886-4E67-47FD-A1EE-CEA7E628B0A3}.Release|ARM.Build.0 = Release|Any CPU
		{EF909886-4E67-47FD-A1EE-CEA7E628B0A3}.Release|ARM64.ActiveCfg = Release|Any CPU
		{EF909886-4E67-47FD-A1EE-CEA7E628B0A3}.Release|ARM64.Build.0 = Release|Any CPU
		{EF909886-4E67-47FD-A1EE-CEA7E628B0A3}.Release|iPhone.ActiveCfg = Release|Any CPU
		{EF909886-4E67-47FD-A1EE-CEA7E628B0A3}.Release|iPhone.Build.0 = Release|Any CPU
		{EF909886-4E67-47FD-A1EE-CEA7E628B0A3}.Release|iPhoneSimulator.ActiveCfg = Release|Any CPU
		{EF909886-4E67-47FD-A1EE-CEA7E628B0A3}.Release|iPhoneSimulator.Build.0 = Release|Any CPU
		{EF909886-4E67-47FD-A1EE-CEA7E628B0A3}.Release|x64.ActiveCfg = Release|Any CPU
		{EF909886-4E67-47FD-A1EE-CEA7E628B0A3}.Release|x64.Build.0 = Release|Any CPU
		{EF909886-4E67-47FD-A1EE-CEA7E628B0A3}.Release|x86.ActiveCfg = Release|Any CPU
		{EF909886-4E67-47FD-A1EE-CEA7E628B0A3}.Release|x86.Build.0 = Release|Any CPU
		{C589B0F5-40FA-43DC-A802-6E50A3A3970A}.Ad-Hoc|Any CPU.ActiveCfg = Release|Any CPU
		{C589B0F5-40FA-43DC-A802-6E50A3A3970A}.Ad-Hoc|Any CPU.Build.0 = Release|Any CPU
		{C589B0F5-40FA-43DC-A802-6E50A3A3970A}.Ad-Hoc|ARM.ActiveCfg = Release|Any CPU
		{C589B0F5-40FA-43DC-A802-6E50A3A3970A}.Ad-Hoc|ARM.Build.0 = Release|Any CPU
		{C589B0F5-40FA-43DC-A802-6E50A3A3970A}.Ad-Hoc|ARM64.ActiveCfg = Release|Any CPU
		{C589B0F5-40FA-43DC-A802-6E50A3A3970A}.Ad-Hoc|ARM64.Build.0 = Release|Any CPU
		{C589B0F5-40FA-43DC-A802-6E50A3A3970A}.Ad-Hoc|iPhone.ActiveCfg = Release|Any CPU
		{C589B0F5-40FA-43DC-A802-6E50A3A3970A}.Ad-Hoc|iPhone.Build.0 = Release|Any CPU
		{C589B0F5-40FA-43DC-A802-6E50A3A3970A}.Ad-Hoc|iPhoneSimulator.ActiveCfg = Release|Any CPU
		{C589B0F5-40FA-43DC-A802-6E50A3A3970A}.Ad-Hoc|iPhoneSimulator.Build.0 = Release|Any CPU
		{C589B0F5-40FA-43DC-A802-6E50A3A3970A}.Ad-Hoc|x64.ActiveCfg = Release|Any CPU
		{C589B0F5-40FA-43DC-A802-6E50A3A3970A}.Ad-Hoc|x64.Build.0 = Release|Any CPU
		{C589B0F5-40FA-43DC-A802-6E50A3A3970A}.Ad-Hoc|x86.ActiveCfg = Release|Any CPU
		{C589B0F5-40FA-43DC-A802-6E50A3A3970A}.Ad-Hoc|x86.Build.0 = Release|Any CPU
		{C589B0F5-40FA-43DC-A802-6E50A3A3970A}.AppStore|Any CPU.ActiveCfg = Release|Any CPU
		{C589B0F5-40FA-43DC-A802-6E50A3A3970A}.AppStore|Any CPU.Build.0 = Release|Any CPU
		{C589B0F5-40FA-43DC-A802-6E50A3A3970A}.AppStore|ARM.ActiveCfg = Release|Any CPU
		{C589B0F5-40FA-43DC-A802-6E50A3A3970A}.AppStore|ARM.Build.0 = Release|Any CPU
		{C589B0F5-40FA-43DC-A802-6E50A3A3970A}.AppStore|ARM64.ActiveCfg = Release|Any CPU
		{C589B0F5-40FA-43DC-A802-6E50A3A3970A}.AppStore|ARM64.Build.0 = Release|Any CPU
		{C589B0F5-40FA-43DC-A802-6E50A3A3970A}.AppStore|iPhone.ActiveCfg = Release|Any CPU
		{C589B0F5-40FA-43DC-A802-6E50A3A3970A}.AppStore|iPhone.Build.0 = Release|Any CPU
		{C589B0F5-40FA-43DC-A802-6E50A3A3970A}.AppStore|iPhoneSimulator.ActiveCfg = Release|Any CPU
		{C589B0F5-40FA-43DC-A802-6E50A3A3970A}.AppStore|iPhoneSimulator.Build.0 = Release|Any CPU
		{C589B0F5-40FA-43DC-A802-6E50A3A3970A}.AppStore|x64.ActiveCfg = Release|Any CPU
		{C589B0F5-40FA-43DC-A802-6E50A3A3970A}.AppStore|x64.Build.0 = Release|Any CPU
		{C589B0F5-40FA-43DC-A802-6E50A3A3970A}.AppStore|x86.ActiveCfg = Release|Any CPU
		{C589B0F5-40FA-43DC-A802-6E50A3A3970A}.AppStore|x86.Build.0 = Release|Any CPU
		{C589B0F5-40FA-43DC-A802-6E50A3A3970A}.Debug|Any CPU.ActiveCfg = Debug|Any CPU
		{C589B0F5-40FA-43DC-A802-6E50A3A3970A}.Debug|Any CPU.Build.0 = Debug|Any CPU
		{C589B0F5-40FA-43DC-A802-6E50A3A3970A}.Debug|ARM.ActiveCfg = Debug|Any CPU
		{C589B0F5-40FA-43DC-A802-6E50A3A3970A}.Debug|ARM.Build.0 = Debug|Any CPU
		{C589B0F5-40FA-43DC-A802-6E50A3A3970A}.Debug|ARM64.ActiveCfg = Debug|Any CPU
		{C589B0F5-40FA-43DC-A802-6E50A3A3970A}.Debug|ARM64.Build.0 = Debug|Any CPU
		{C589B0F5-40FA-43DC-A802-6E50A3A3970A}.Debug|iPhone.ActiveCfg = Debug|Any CPU
		{C589B0F5-40FA-43DC-A802-6E50A3A3970A}.Debug|iPhone.Build.0 = Debug|Any CPU
		{C589B0F5-40FA-43DC-A802-6E50A3A3970A}.Debug|iPhoneSimulator.ActiveCfg = Debug|Any CPU
		{C589B0F5-40FA-43DC-A802-6E50A3A3970A}.Debug|iPhoneSimulator.Build.0 = Debug|Any CPU
		{C589B0F5-40FA-43DC-A802-6E50A3A3970A}.Debug|x64.ActiveCfg = Debug|Any CPU
		{C589B0F5-40FA-43DC-A802-6E50A3A3970A}.Debug|x64.Build.0 = Debug|Any CPU
		{C589B0F5-40FA-43DC-A802-6E50A3A3970A}.Debug|x86.ActiveCfg = Debug|Any CPU
		{C589B0F5-40FA-43DC-A802-6E50A3A3970A}.Debug|x86.Build.0 = Debug|Any CPU
		{C589B0F5-40FA-43DC-A802-6E50A3A3970A}.Release|Any CPU.ActiveCfg = Release|Any CPU
		{C589B0F5-40FA-43DC-A802-6E50A3A3970A}.Release|Any CPU.Build.0 = Release|Any CPU
		{C589B0F5-40FA-43DC-A802-6E50A3A3970A}.Release|ARM.ActiveCfg = Release|Any CPU
		{C589B0F5-40FA-43DC-A802-6E50A3A3970A}.Release|ARM.Build.0 = Release|Any CPU
		{C589B0F5-40FA-43DC-A802-6E50A3A3970A}.Release|ARM64.ActiveCfg = Release|Any CPU
		{C589B0F5-40FA-43DC-A802-6E50A3A3970A}.Release|ARM64.Build.0 = Release|Any CPU
		{C589B0F5-40FA-43DC-A802-6E50A3A3970A}.Release|iPhone.ActiveCfg = Release|Any CPU
		{C589B0F5-40FA-43DC-A802-6E50A3A3970A}.Release|iPhone.Build.0 = Release|Any CPU
		{C589B0F5-40FA-43DC-A802-6E50A3A3970A}.Release|iPhoneSimulator.ActiveCfg = Release|Any CPU
		{C589B0F5-40FA-43DC-A802-6E50A3A3970A}.Release|iPhoneSimulator.Build.0 = Release|Any CPU
		{C589B0F5-40FA-43DC-A802-6E50A3A3970A}.Release|x64.ActiveCfg = Release|Any CPU
		{C589B0F5-40FA-43DC-A802-6E50A3A3970A}.Release|x64.Build.0 = Release|Any CPU
		{C589B0F5-40FA-43DC-A802-6E50A3A3970A}.Release|x86.ActiveCfg = Release|Any CPU
		{C589B0F5-40FA-43DC-A802-6E50A3A3970A}.Release|x86.Build.0 = Release|Any CPU
		{FA055F57-CF58-499B-B064-B9CDF7AA7239}.Ad-Hoc|Any CPU.ActiveCfg = Release|x64
		{FA055F57-CF58-499B-B064-B9CDF7AA7239}.Ad-Hoc|Any CPU.Build.0 = Release|x64
		{FA055F57-CF58-499B-B064-B9CDF7AA7239}.Ad-Hoc|Any CPU.Deploy.0 = Release|x64
		{FA055F57-CF58-499B-B064-B9CDF7AA7239}.Ad-Hoc|ARM.ActiveCfg = Release|ARM
		{FA055F57-CF58-499B-B064-B9CDF7AA7239}.Ad-Hoc|ARM.Build.0 = Release|ARM
		{FA055F57-CF58-499B-B064-B9CDF7AA7239}.Ad-Hoc|ARM.Deploy.0 = Release|ARM
		{FA055F57-CF58-499B-B064-B9CDF7AA7239}.Ad-Hoc|ARM64.ActiveCfg = Release|ARM64
		{FA055F57-CF58-499B-B064-B9CDF7AA7239}.Ad-Hoc|ARM64.Build.0 = Release|ARM64
		{FA055F57-CF58-499B-B064-B9CDF7AA7239}.Ad-Hoc|ARM64.Deploy.0 = Release|ARM64
		{FA055F57-CF58-499B-B064-B9CDF7AA7239}.Ad-Hoc|iPhone.ActiveCfg = Release|x64
		{FA055F57-CF58-499B-B064-B9CDF7AA7239}.Ad-Hoc|iPhone.Build.0 = Release|x64
		{FA055F57-CF58-499B-B064-B9CDF7AA7239}.Ad-Hoc|iPhone.Deploy.0 = Release|x64
		{FA055F57-CF58-499B-B064-B9CDF7AA7239}.Ad-Hoc|iPhoneSimulator.ActiveCfg = Release|x64
		{FA055F57-CF58-499B-B064-B9CDF7AA7239}.Ad-Hoc|iPhoneSimulator.Build.0 = Release|x64
		{FA055F57-CF58-499B-B064-B9CDF7AA7239}.Ad-Hoc|iPhoneSimulator.Deploy.0 = Release|x64
		{FA055F57-CF58-499B-B064-B9CDF7AA7239}.Ad-Hoc|x64.ActiveCfg = Release|x64
		{FA055F57-CF58-499B-B064-B9CDF7AA7239}.Ad-Hoc|x64.Build.0 = Release|x64
		{FA055F57-CF58-499B-B064-B9CDF7AA7239}.Ad-Hoc|x64.Deploy.0 = Release|x64
		{FA055F57-CF58-499B-B064-B9CDF7AA7239}.Ad-Hoc|x86.ActiveCfg = Release|x86
		{FA055F57-CF58-499B-B064-B9CDF7AA7239}.Ad-Hoc|x86.Build.0 = Release|x86
		{FA055F57-CF58-499B-B064-B9CDF7AA7239}.Ad-Hoc|x86.Deploy.0 = Release|x86
		{FA055F57-CF58-499B-B064-B9CDF7AA7239}.AppStore|Any CPU.ActiveCfg = Release|x64
		{FA055F57-CF58-499B-B064-B9CDF7AA7239}.AppStore|Any CPU.Build.0 = Release|x64
		{FA055F57-CF58-499B-B064-B9CDF7AA7239}.AppStore|Any CPU.Deploy.0 = Release|x64
		{FA055F57-CF58-499B-B064-B9CDF7AA7239}.AppStore|ARM.ActiveCfg = Release|ARM
		{FA055F57-CF58-499B-B064-B9CDF7AA7239}.AppStore|ARM.Build.0 = Release|ARM
		{FA055F57-CF58-499B-B064-B9CDF7AA7239}.AppStore|ARM.Deploy.0 = Release|ARM
		{FA055F57-CF58-499B-B064-B9CDF7AA7239}.AppStore|ARM64.ActiveCfg = Release|ARM64
		{FA055F57-CF58-499B-B064-B9CDF7AA7239}.AppStore|ARM64.Build.0 = Release|ARM64
		{FA055F57-CF58-499B-B064-B9CDF7AA7239}.AppStore|ARM64.Deploy.0 = Release|ARM64
		{FA055F57-CF58-499B-B064-B9CDF7AA7239}.AppStore|iPhone.ActiveCfg = Release|x64
		{FA055F57-CF58-499B-B064-B9CDF7AA7239}.AppStore|iPhone.Build.0 = Release|x64
		{FA055F57-CF58-499B-B064-B9CDF7AA7239}.AppStore|iPhone.Deploy.0 = Release|x64
		{FA055F57-CF58-499B-B064-B9CDF7AA7239}.AppStore|iPhoneSimulator.ActiveCfg = Release|x64
		{FA055F57-CF58-499B-B064-B9CDF7AA7239}.AppStore|iPhoneSimulator.Build.0 = Release|x64
		{FA055F57-CF58-499B-B064-B9CDF7AA7239}.AppStore|iPhoneSimulator.Deploy.0 = Release|x64
		{FA055F57-CF58-499B-B064-B9CDF7AA7239}.AppStore|x64.ActiveCfg = Release|x64
		{FA055F57-CF58-499B-B064-B9CDF7AA7239}.AppStore|x64.Build.0 = Release|x64
		{FA055F57-CF58-499B-B064-B9CDF7AA7239}.AppStore|x64.Deploy.0 = Release|x64
		{FA055F57-CF58-499B-B064-B9CDF7AA7239}.AppStore|x86.ActiveCfg = Release|x86
		{FA055F57-CF58-499B-B064-B9CDF7AA7239}.AppStore|x86.Build.0 = Release|x86
		{FA055F57-CF58-499B-B064-B9CDF7AA7239}.AppStore|x86.Deploy.0 = Release|x86
		{FA055F57-CF58-499B-B064-B9CDF7AA7239}.Debug|Any CPU.ActiveCfg = Debug|x86
		{FA055F57-CF58-499B-B064-B9CDF7AA7239}.Debug|ARM.ActiveCfg = Debug|ARM
		{FA055F57-CF58-499B-B064-B9CDF7AA7239}.Debug|ARM.Build.0 = Debug|ARM
		{FA055F57-CF58-499B-B064-B9CDF7AA7239}.Debug|ARM.Deploy.0 = Debug|ARM
		{FA055F57-CF58-499B-B064-B9CDF7AA7239}.Debug|ARM64.ActiveCfg = Debug|ARM64
		{FA055F57-CF58-499B-B064-B9CDF7AA7239}.Debug|ARM64.Build.0 = Debug|ARM64
		{FA055F57-CF58-499B-B064-B9CDF7AA7239}.Debug|ARM64.Deploy.0 = Debug|ARM64
		{FA055F57-CF58-499B-B064-B9CDF7AA7239}.Debug|iPhone.ActiveCfg = Debug|x86
		{FA055F57-CF58-499B-B064-B9CDF7AA7239}.Debug|iPhoneSimulator.ActiveCfg = Debug|x86
		{FA055F57-CF58-499B-B064-B9CDF7AA7239}.Debug|x64.ActiveCfg = Debug|x64
		{FA055F57-CF58-499B-B064-B9CDF7AA7239}.Debug|x64.Build.0 = Debug|x64
		{FA055F57-CF58-499B-B064-B9CDF7AA7239}.Debug|x64.Deploy.0 = Debug|x64
		{FA055F57-CF58-499B-B064-B9CDF7AA7239}.Debug|x86.ActiveCfg = Debug|x86
		{FA055F57-CF58-499B-B064-B9CDF7AA7239}.Debug|x86.Build.0 = Debug|x86
		{FA055F57-CF58-499B-B064-B9CDF7AA7239}.Debug|x86.Deploy.0 = Debug|x86
		{FA055F57-CF58-499B-B064-B9CDF7AA7239}.Release|Any CPU.ActiveCfg = Release|x86
		{FA055F57-CF58-499B-B064-B9CDF7AA7239}.Release|ARM.ActiveCfg = Release|ARM
		{FA055F57-CF58-499B-B064-B9CDF7AA7239}.Release|ARM.Build.0 = Release|ARM
		{FA055F57-CF58-499B-B064-B9CDF7AA7239}.Release|ARM.Deploy.0 = Release|ARM
		{FA055F57-CF58-499B-B064-B9CDF7AA7239}.Release|ARM64.ActiveCfg = Release|ARM64
		{FA055F57-CF58-499B-B064-B9CDF7AA7239}.Release|ARM64.Build.0 = Release|ARM64
		{FA055F57-CF58-499B-B064-B9CDF7AA7239}.Release|ARM64.Deploy.0 = Release|ARM64
		{FA055F57-CF58-499B-B064-B9CDF7AA7239}.Release|iPhone.ActiveCfg = Release|x86
		{FA055F57-CF58-499B-B064-B9CDF7AA7239}.Release|iPhoneSimulator.ActiveCfg = Release|x86
		{FA055F57-CF58-499B-B064-B9CDF7AA7239}.Release|x64.ActiveCfg = Release|x64
		{FA055F57-CF58-499B-B064-B9CDF7AA7239}.Release|x64.Build.0 = Release|x64
		{FA055F57-CF58-499B-B064-B9CDF7AA7239}.Release|x64.Deploy.0 = Release|x64
		{FA055F57-CF58-499B-B064-B9CDF7AA7239}.Release|x86.ActiveCfg = Release|x86
		{FA055F57-CF58-499B-B064-B9CDF7AA7239}.Release|x86.Build.0 = Release|x86
		{FA055F57-CF58-499B-B064-B9CDF7AA7239}.Release|x86.Deploy.0 = Release|x86
		{309E6494-8279-4895-B925-79D090C2D2B9}.Ad-Hoc|Any CPU.ActiveCfg = Release|Any CPU
		{309E6494-8279-4895-B925-79D090C2D2B9}.Ad-Hoc|Any CPU.Build.0 = Release|Any CPU
		{309E6494-8279-4895-B925-79D090C2D2B9}.Ad-Hoc|ARM.ActiveCfg = Release|Any CPU
		{309E6494-8279-4895-B925-79D090C2D2B9}.Ad-Hoc|ARM.Build.0 = Release|Any CPU
		{309E6494-8279-4895-B925-79D090C2D2B9}.Ad-Hoc|ARM64.ActiveCfg = Release|Any CPU
		{309E6494-8279-4895-B925-79D090C2D2B9}.Ad-Hoc|ARM64.Build.0 = Release|Any CPU
		{309E6494-8279-4895-B925-79D090C2D2B9}.Ad-Hoc|iPhone.ActiveCfg = Release|Any CPU
		{309E6494-8279-4895-B925-79D090C2D2B9}.Ad-Hoc|iPhone.Build.0 = Release|Any CPU
		{309E6494-8279-4895-B925-79D090C2D2B9}.Ad-Hoc|iPhoneSimulator.ActiveCfg = Release|Any CPU
		{309E6494-8279-4895-B925-79D090C2D2B9}.Ad-Hoc|iPhoneSimulator.Build.0 = Release|Any CPU
		{309E6494-8279-4895-B925-79D090C2D2B9}.Ad-Hoc|x64.ActiveCfg = Release|Any CPU
		{309E6494-8279-4895-B925-79D090C2D2B9}.Ad-Hoc|x64.Build.0 = Release|Any CPU
		{309E6494-8279-4895-B925-79D090C2D2B9}.Ad-Hoc|x86.ActiveCfg = Release|Any CPU
		{309E6494-8279-4895-B925-79D090C2D2B9}.Ad-Hoc|x86.Build.0 = Release|Any CPU
		{309E6494-8279-4895-B925-79D090C2D2B9}.AppStore|Any CPU.ActiveCfg = Release|Any CPU
		{309E6494-8279-4895-B925-79D090C2D2B9}.AppStore|Any CPU.Build.0 = Release|Any CPU
		{309E6494-8279-4895-B925-79D090C2D2B9}.AppStore|ARM.ActiveCfg = Release|Any CPU
		{309E6494-8279-4895-B925-79D090C2D2B9}.AppStore|ARM.Build.0 = Release|Any CPU
		{309E6494-8279-4895-B925-79D090C2D2B9}.AppStore|ARM64.ActiveCfg = Release|Any CPU
		{309E6494-8279-4895-B925-79D090C2D2B9}.AppStore|ARM64.Build.0 = Release|Any CPU
		{309E6494-8279-4895-B925-79D090C2D2B9}.AppStore|iPhone.ActiveCfg = Release|Any CPU
		{309E6494-8279-4895-B925-79D090C2D2B9}.AppStore|iPhone.Build.0 = Release|Any CPU
		{309E6494-8279-4895-B925-79D090C2D2B9}.AppStore|iPhoneSimulator.ActiveCfg = Release|Any CPU
		{309E6494-8279-4895-B925-79D090C2D2B9}.AppStore|iPhoneSimulator.Build.0 = Release|Any CPU
		{309E6494-8279-4895-B925-79D090C2D2B9}.AppStore|x64.ActiveCfg = Release|Any CPU
		{309E6494-8279-4895-B925-79D090C2D2B9}.AppStore|x64.Build.0 = Release|Any CPU
		{309E6494-8279-4895-B925-79D090C2D2B9}.AppStore|x86.ActiveCfg = Release|Any CPU
		{309E6494-8279-4895-B925-79D090C2D2B9}.AppStore|x86.Build.0 = Release|Any CPU
		{309E6494-8279-4895-B925-79D090C2D2B9}.Debug|Any CPU.ActiveCfg = Debug|Any CPU
		{309E6494-8279-4895-B925-79D090C2D2B9}.Debug|Any CPU.Build.0 = Debug|Any CPU
		{309E6494-8279-4895-B925-79D090C2D2B9}.Debug|ARM.ActiveCfg = Debug|Any CPU
		{309E6494-8279-4895-B925-79D090C2D2B9}.Debug|ARM.Build.0 = Debug|Any CPU
		{309E6494-8279-4895-B925-79D090C2D2B9}.Debug|ARM64.ActiveCfg = Debug|Any CPU
		{309E6494-8279-4895-B925-79D090C2D2B9}.Debug|ARM64.Build.0 = Debug|Any CPU
		{309E6494-8279-4895-B925-79D090C2D2B9}.Debug|iPhone.ActiveCfg = Debug|Any CPU
		{309E6494-8279-4895-B925-79D090C2D2B9}.Debug|iPhone.Build.0 = Debug|Any CPU
		{309E6494-8279-4895-B925-79D090C2D2B9}.Debug|iPhoneSimulator.ActiveCfg = Debug|Any CPU
		{309E6494-8279-4895-B925-79D090C2D2B9}.Debug|iPhoneSimulator.Build.0 = Debug|Any CPU
		{309E6494-8279-4895-B925-79D090C2D2B9}.Debug|x64.ActiveCfg = Debug|Any CPU
		{309E6494-8279-4895-B925-79D090C2D2B9}.Debug|x64.Build.0 = Debug|Any CPU
		{309E6494-8279-4895-B925-79D090C2D2B9}.Debug|x86.ActiveCfg = Debug|Any CPU
		{309E6494-8279-4895-B925-79D090C2D2B9}.Debug|x86.Build.0 = Debug|Any CPU
		{309E6494-8279-4895-B925-79D090C2D2B9}.Release|Any CPU.ActiveCfg = Release|Any CPU
		{309E6494-8279-4895-B925-79D090C2D2B9}.Release|Any CPU.Build.0 = Release|Any CPU
		{309E6494-8279-4895-B925-79D090C2D2B9}.Release|ARM.ActiveCfg = Release|Any CPU
		{309E6494-8279-4895-B925-79D090C2D2B9}.Release|ARM.Build.0 = Release|Any CPU
		{309E6494-8279-4895-B925-79D090C2D2B9}.Release|ARM64.ActiveCfg = Release|Any CPU
		{309E6494-8279-4895-B925-79D090C2D2B9}.Release|ARM64.Build.0 = Release|Any CPU
		{309E6494-8279-4895-B925-79D090C2D2B9}.Release|iPhone.ActiveCfg = Release|Any CPU
		{309E6494-8279-4895-B925-79D090C2D2B9}.Release|iPhone.Build.0 = Release|Any CPU
		{309E6494-8279-4895-B925-79D090C2D2B9}.Release|iPhoneSimulator.ActiveCfg = Release|Any CPU
		{309E6494-8279-4895-B925-79D090C2D2B9}.Release|iPhoneSimulator.Build.0 = Release|Any CPU
		{309E6494-8279-4895-B925-79D090C2D2B9}.Release|x64.ActiveCfg = Release|Any CPU
		{309E6494-8279-4895-B925-79D090C2D2B9}.Release|x64.Build.0 = Release|Any CPU
		{309E6494-8279-4895-B925-79D090C2D2B9}.Release|x86.ActiveCfg = Release|Any CPU
		{309E6494-8279-4895-B925-79D090C2D2B9}.Release|x86.Build.0 = Release|Any CPU
		{4C0D7E3B-4A58-41F7-A1A7-CE6D055BD30F}.Ad-Hoc|Any CPU.ActiveCfg = Release|Any CPU
		{4C0D7E3B-4A58-41F7-A1A7-CE6D055BD30F}.Ad-Hoc|Any CPU.Build.0 = Release|Any CPU
		{4C0D7E3B-4A58-41F7-A1A7-CE6D055BD30F}.Ad-Hoc|ARM.ActiveCfg = Release|Any CPU
		{4C0D7E3B-4A58-41F7-A1A7-CE6D055BD30F}.Ad-Hoc|ARM.Build.0 = Release|Any CPU
		{4C0D7E3B-4A58-41F7-A1A7-CE6D055BD30F}.Ad-Hoc|ARM64.ActiveCfg = Release|Any CPU
		{4C0D7E3B-4A58-41F7-A1A7-CE6D055BD30F}.Ad-Hoc|ARM64.Build.0 = Release|Any CPU
		{4C0D7E3B-4A58-41F7-A1A7-CE6D055BD30F}.Ad-Hoc|iPhone.ActiveCfg = Release|Any CPU
		{4C0D7E3B-4A58-41F7-A1A7-CE6D055BD30F}.Ad-Hoc|iPhone.Build.0 = Release|Any CPU
		{4C0D7E3B-4A58-41F7-A1A7-CE6D055BD30F}.Ad-Hoc|iPhoneSimulator.ActiveCfg = Release|Any CPU
		{4C0D7E3B-4A58-41F7-A1A7-CE6D055BD30F}.Ad-Hoc|iPhoneSimulator.Build.0 = Release|Any CPU
		{4C0D7E3B-4A58-41F7-A1A7-CE6D055BD30F}.Ad-Hoc|x64.ActiveCfg = Release|Any CPU
		{4C0D7E3B-4A58-41F7-A1A7-CE6D055BD30F}.Ad-Hoc|x64.Build.0 = Release|Any CPU
		{4C0D7E3B-4A58-41F7-A1A7-CE6D055BD30F}.Ad-Hoc|x86.ActiveCfg = Release|Any CPU
		{4C0D7E3B-4A58-41F7-A1A7-CE6D055BD30F}.Ad-Hoc|x86.Build.0 = Release|Any CPU
		{4C0D7E3B-4A58-41F7-A1A7-CE6D055BD30F}.AppStore|Any CPU.ActiveCfg = Release|Any CPU
		{4C0D7E3B-4A58-41F7-A1A7-CE6D055BD30F}.AppStore|Any CPU.Build.0 = Release|Any CPU
		{4C0D7E3B-4A58-41F7-A1A7-CE6D055BD30F}.AppStore|ARM.ActiveCfg = Release|Any CPU
		{4C0D7E3B-4A58-41F7-A1A7-CE6D055BD30F}.AppStore|ARM.Build.0 = Release|Any CPU
		{4C0D7E3B-4A58-41F7-A1A7-CE6D055BD30F}.AppStore|ARM64.ActiveCfg = Release|Any CPU
		{4C0D7E3B-4A58-41F7-A1A7-CE6D055BD30F}.AppStore|ARM64.Build.0 = Release|Any CPU
		{4C0D7E3B-4A58-41F7-A1A7-CE6D055BD30F}.AppStore|iPhone.ActiveCfg = Release|Any CPU
		{4C0D7E3B-4A58-41F7-A1A7-CE6D055BD30F}.AppStore|iPhone.Build.0 = Release|Any CPU
		{4C0D7E3B-4A58-41F7-A1A7-CE6D055BD30F}.AppStore|iPhoneSimulator.ActiveCfg = Release|Any CPU
		{4C0D7E3B-4A58-41F7-A1A7-CE6D055BD30F}.AppStore|iPhoneSimulator.Build.0 = Release|Any CPU
		{4C0D7E3B-4A58-41F7-A1A7-CE6D055BD30F}.AppStore|x64.ActiveCfg = Release|Any CPU
		{4C0D7E3B-4A58-41F7-A1A7-CE6D055BD30F}.AppStore|x64.Build.0 = Release|Any CPU
		{4C0D7E3B-4A58-41F7-A1A7-CE6D055BD30F}.AppStore|x86.ActiveCfg = Release|Any CPU
		{4C0D7E3B-4A58-41F7-A1A7-CE6D055BD30F}.AppStore|x86.Build.0 = Release|Any CPU
		{4C0D7E3B-4A58-41F7-A1A7-CE6D055BD30F}.Debug|Any CPU.ActiveCfg = Debug|Any CPU
		{4C0D7E3B-4A58-41F7-A1A7-CE6D055BD30F}.Debug|Any CPU.Build.0 = Debug|Any CPU
		{4C0D7E3B-4A58-41F7-A1A7-CE6D055BD30F}.Debug|ARM.ActiveCfg = Debug|Any CPU
		{4C0D7E3B-4A58-41F7-A1A7-CE6D055BD30F}.Debug|ARM.Build.0 = Debug|Any CPU
		{4C0D7E3B-4A58-41F7-A1A7-CE6D055BD30F}.Debug|ARM64.ActiveCfg = Debug|Any CPU
		{4C0D7E3B-4A58-41F7-A1A7-CE6D055BD30F}.Debug|ARM64.Build.0 = Debug|Any CPU
		{4C0D7E3B-4A58-41F7-A1A7-CE6D055BD30F}.Debug|iPhone.ActiveCfg = Debug|Any CPU
		{4C0D7E3B-4A58-41F7-A1A7-CE6D055BD30F}.Debug|iPhone.Build.0 = Debug|Any CPU
		{4C0D7E3B-4A58-41F7-A1A7-CE6D055BD30F}.Debug|iPhoneSimulator.ActiveCfg = Debug|Any CPU
		{4C0D7E3B-4A58-41F7-A1A7-CE6D055BD30F}.Debug|iPhoneSimulator.Build.0 = Debug|Any CPU
		{4C0D7E3B-4A58-41F7-A1A7-CE6D055BD30F}.Debug|x64.ActiveCfg = Debug|Any CPU
		{4C0D7E3B-4A58-41F7-A1A7-CE6D055BD30F}.Debug|x64.Build.0 = Debug|Any CPU
		{4C0D7E3B-4A58-41F7-A1A7-CE6D055BD30F}.Debug|x86.ActiveCfg = Debug|Any CPU
		{4C0D7E3B-4A58-41F7-A1A7-CE6D055BD30F}.Debug|x86.Build.0 = Debug|Any CPU
		{4C0D7E3B-4A58-41F7-A1A7-CE6D055BD30F}.Release|Any CPU.ActiveCfg = Release|Any CPU
		{4C0D7E3B-4A58-41F7-A1A7-CE6D055BD30F}.Release|Any CPU.Build.0 = Release|Any CPU
		{4C0D7E3B-4A58-41F7-A1A7-CE6D055BD30F}.Release|ARM.ActiveCfg = Release|Any CPU
		{4C0D7E3B-4A58-41F7-A1A7-CE6D055BD30F}.Release|ARM.Build.0 = Release|Any CPU
		{4C0D7E3B-4A58-41F7-A1A7-CE6D055BD30F}.Release|ARM64.ActiveCfg = Release|Any CPU
		{4C0D7E3B-4A58-41F7-A1A7-CE6D055BD30F}.Release|ARM64.Build.0 = Release|Any CPU
		{4C0D7E3B-4A58-41F7-A1A7-CE6D055BD30F}.Release|iPhone.ActiveCfg = Release|Any CPU
		{4C0D7E3B-4A58-41F7-A1A7-CE6D055BD30F}.Release|iPhone.Build.0 = Release|Any CPU
		{4C0D7E3B-4A58-41F7-A1A7-CE6D055BD30F}.Release|iPhoneSimulator.ActiveCfg = Release|Any CPU
		{4C0D7E3B-4A58-41F7-A1A7-CE6D055BD30F}.Release|iPhoneSimulator.Build.0 = Release|Any CPU
		{4C0D7E3B-4A58-41F7-A1A7-CE6D055BD30F}.Release|x64.ActiveCfg = Release|Any CPU
		{4C0D7E3B-4A58-41F7-A1A7-CE6D055BD30F}.Release|x64.Build.0 = Release|Any CPU
		{4C0D7E3B-4A58-41F7-A1A7-CE6D055BD30F}.Release|x86.ActiveCfg = Release|Any CPU
		{4C0D7E3B-4A58-41F7-A1A7-CE6D055BD30F}.Release|x86.Build.0 = Release|Any CPU
		{9ABE7012-A953-4A9F-8860-C877D8D6F687}.Ad-Hoc|Any CPU.ActiveCfg = Release|Any CPU
		{9ABE7012-A953-4A9F-8860-C877D8D6F687}.Ad-Hoc|Any CPU.Build.0 = Release|Any CPU
		{9ABE7012-A953-4A9F-8860-C877D8D6F687}.Ad-Hoc|ARM.ActiveCfg = Release|ARM
		{9ABE7012-A953-4A9F-8860-C877D8D6F687}.Ad-Hoc|ARM.Build.0 = Release|ARM
		{9ABE7012-A953-4A9F-8860-C877D8D6F687}.Ad-Hoc|ARM64.ActiveCfg = Release|ARM64
		{9ABE7012-A953-4A9F-8860-C877D8D6F687}.Ad-Hoc|ARM64.Build.0 = Release|ARM64
		{9ABE7012-A953-4A9F-8860-C877D8D6F687}.Ad-Hoc|iPhone.ActiveCfg = Release|Any CPU
		{9ABE7012-A953-4A9F-8860-C877D8D6F687}.Ad-Hoc|iPhone.Build.0 = Release|Any CPU
		{9ABE7012-A953-4A9F-8860-C877D8D6F687}.Ad-Hoc|iPhoneSimulator.ActiveCfg = Release|Any CPU
		{9ABE7012-A953-4A9F-8860-C877D8D6F687}.Ad-Hoc|iPhoneSimulator.Build.0 = Release|Any CPU
		{9ABE7012-A953-4A9F-8860-C877D8D6F687}.Ad-Hoc|x64.ActiveCfg = Release|x64
		{9ABE7012-A953-4A9F-8860-C877D8D6F687}.Ad-Hoc|x64.Build.0 = Release|x64
		{9ABE7012-A953-4A9F-8860-C877D8D6F687}.Ad-Hoc|x86.ActiveCfg = Release|x86
		{9ABE7012-A953-4A9F-8860-C877D8D6F687}.Ad-Hoc|x86.Build.0 = Release|x86
		{9ABE7012-A953-4A9F-8860-C877D8D6F687}.AppStore|Any CPU.ActiveCfg = Release|Any CPU
		{9ABE7012-A953-4A9F-8860-C877D8D6F687}.AppStore|Any CPU.Build.0 = Release|Any CPU
		{9ABE7012-A953-4A9F-8860-C877D8D6F687}.AppStore|ARM.ActiveCfg = Release|ARM
		{9ABE7012-A953-4A9F-8860-C877D8D6F687}.AppStore|ARM.Build.0 = Release|ARM
		{9ABE7012-A953-4A9F-8860-C877D8D6F687}.AppStore|ARM64.ActiveCfg = Release|ARM64
		{9ABE7012-A953-4A9F-8860-C877D8D6F687}.AppStore|ARM64.Build.0 = Release|ARM64
		{9ABE7012-A953-4A9F-8860-C877D8D6F687}.AppStore|iPhone.ActiveCfg = Release|Any CPU
		{9ABE7012-A953-4A9F-8860-C877D8D6F687}.AppStore|iPhone.Build.0 = Release|Any CPU
		{9ABE7012-A953-4A9F-8860-C877D8D6F687}.AppStore|iPhoneSimulator.ActiveCfg = Release|Any CPU
		{9ABE7012-A953-4A9F-8860-C877D8D6F687}.AppStore|iPhoneSimulator.Build.0 = Release|Any CPU
		{9ABE7012-A953-4A9F-8860-C877D8D6F687}.AppStore|x64.ActiveCfg = Release|x64
		{9ABE7012-A953-4A9F-8860-C877D8D6F687}.AppStore|x64.Build.0 = Release|x64
		{9ABE7012-A953-4A9F-8860-C877D8D6F687}.AppStore|x86.ActiveCfg = Release|x86
		{9ABE7012-A953-4A9F-8860-C877D8D6F687}.AppStore|x86.Build.0 = Release|x86
		{9ABE7012-A953-4A9F-8860-C877D8D6F687}.Debug|Any CPU.ActiveCfg = Debug|Any CPU
		{9ABE7012-A953-4A9F-8860-C877D8D6F687}.Debug|Any CPU.Build.0 = Debug|Any CPU
		{9ABE7012-A953-4A9F-8860-C877D8D6F687}.Debug|ARM.ActiveCfg = Debug|ARM
		{9ABE7012-A953-4A9F-8860-C877D8D6F687}.Debug|ARM.Build.0 = Debug|ARM
		{9ABE7012-A953-4A9F-8860-C877D8D6F687}.Debug|ARM64.ActiveCfg = Debug|ARM64
		{9ABE7012-A953-4A9F-8860-C877D8D6F687}.Debug|ARM64.Build.0 = Debug|ARM64
		{9ABE7012-A953-4A9F-8860-C877D8D6F687}.Debug|iPhone.ActiveCfg = Debug|Any CPU
		{9ABE7012-A953-4A9F-8860-C877D8D6F687}.Debug|iPhone.Build.0 = Debug|Any CPU
		{9ABE7012-A953-4A9F-8860-C877D8D6F687}.Debug|iPhoneSimulator.ActiveCfg = Debug|Any CPU
		{9ABE7012-A953-4A9F-8860-C877D8D6F687}.Debug|iPhoneSimulator.Build.0 = Debug|Any CPU
		{9ABE7012-A953-4A9F-8860-C877D8D6F687}.Debug|x64.ActiveCfg = Debug|x64
		{9ABE7012-A953-4A9F-8860-C877D8D6F687}.Debug|x64.Build.0 = Debug|x64
		{9ABE7012-A953-4A9F-8860-C877D8D6F687}.Debug|x86.ActiveCfg = Debug|x86
		{9ABE7012-A953-4A9F-8860-C877D8D6F687}.Debug|x86.Build.0 = Debug|x86
		{9ABE7012-A953-4A9F-8860-C877D8D6F687}.Release|Any CPU.ActiveCfg = Release|Any CPU
		{9ABE7012-A953-4A9F-8860-C877D8D6F687}.Release|Any CPU.Build.0 = Release|Any CPU
		{9ABE7012-A953-4A9F-8860-C877D8D6F687}.Release|ARM.ActiveCfg = Release|ARM
		{9ABE7012-A953-4A9F-8860-C877D8D6F687}.Release|ARM.Build.0 = Release|ARM
		{9ABE7012-A953-4A9F-8860-C877D8D6F687}.Release|ARM64.ActiveCfg = Release|ARM64
		{9ABE7012-A953-4A9F-8860-C877D8D6F687}.Release|ARM64.Build.0 = Release|ARM64
		{9ABE7012-A953-4A9F-8860-C877D8D6F687}.Release|iPhone.ActiveCfg = Release|Any CPU
		{9ABE7012-A953-4A9F-8860-C877D8D6F687}.Release|iPhone.Build.0 = Release|Any CPU
		{9ABE7012-A953-4A9F-8860-C877D8D6F687}.Release|iPhoneSimulator.ActiveCfg = Release|Any CPU
		{9ABE7012-A953-4A9F-8860-C877D8D6F687}.Release|iPhoneSimulator.Build.0 = Release|Any CPU
		{9ABE7012-A953-4A9F-8860-C877D8D6F687}.Release|x64.ActiveCfg = Release|x64
		{9ABE7012-A953-4A9F-8860-C877D8D6F687}.Release|x64.Build.0 = Release|x64
		{9ABE7012-A953-4A9F-8860-C877D8D6F687}.Release|x86.ActiveCfg = Release|x86
		{9ABE7012-A953-4A9F-8860-C877D8D6F687}.Release|x86.Build.0 = Release|x86
		{BC1DAD65-96A7-4772-873A-79895C7A3ADF}.Ad-Hoc|Any CPU.ActiveCfg = Release|Any CPU
		{BC1DAD65-96A7-4772-873A-79895C7A3ADF}.Ad-Hoc|Any CPU.Build.0 = Release|Any CPU
		{BC1DAD65-96A7-4772-873A-79895C7A3ADF}.Ad-Hoc|ARM.ActiveCfg = Release|ARM
		{BC1DAD65-96A7-4772-873A-79895C7A3ADF}.Ad-Hoc|ARM.Build.0 = Release|ARM
		{BC1DAD65-96A7-4772-873A-79895C7A3ADF}.Ad-Hoc|ARM64.ActiveCfg = Release|ARM64
		{BC1DAD65-96A7-4772-873A-79895C7A3ADF}.Ad-Hoc|ARM64.Build.0 = Release|ARM64
		{BC1DAD65-96A7-4772-873A-79895C7A3ADF}.Ad-Hoc|iPhone.ActiveCfg = Release|Any CPU
		{BC1DAD65-96A7-4772-873A-79895C7A3ADF}.Ad-Hoc|iPhone.Build.0 = Release|Any CPU
		{BC1DAD65-96A7-4772-873A-79895C7A3ADF}.Ad-Hoc|iPhoneSimulator.ActiveCfg = Release|Any CPU
		{BC1DAD65-96A7-4772-873A-79895C7A3ADF}.Ad-Hoc|iPhoneSimulator.Build.0 = Release|Any CPU
		{BC1DAD65-96A7-4772-873A-79895C7A3ADF}.Ad-Hoc|x64.ActiveCfg = Release|x64
		{BC1DAD65-96A7-4772-873A-79895C7A3ADF}.Ad-Hoc|x64.Build.0 = Release|x64
		{BC1DAD65-96A7-4772-873A-79895C7A3ADF}.Ad-Hoc|x86.ActiveCfg = Release|x86
		{BC1DAD65-96A7-4772-873A-79895C7A3ADF}.Ad-Hoc|x86.Build.0 = Release|x86
		{BC1DAD65-96A7-4772-873A-79895C7A3ADF}.AppStore|Any CPU.ActiveCfg = Release|Any CPU
		{BC1DAD65-96A7-4772-873A-79895C7A3ADF}.AppStore|Any CPU.Build.0 = Release|Any CPU
		{BC1DAD65-96A7-4772-873A-79895C7A3ADF}.AppStore|ARM.ActiveCfg = Release|ARM
		{BC1DAD65-96A7-4772-873A-79895C7A3ADF}.AppStore|ARM.Build.0 = Release|ARM
		{BC1DAD65-96A7-4772-873A-79895C7A3ADF}.AppStore|ARM64.ActiveCfg = Release|ARM64
		{BC1DAD65-96A7-4772-873A-79895C7A3ADF}.AppStore|ARM64.Build.0 = Release|ARM64
		{BC1DAD65-96A7-4772-873A-79895C7A3ADF}.AppStore|iPhone.ActiveCfg = Release|Any CPU
		{BC1DAD65-96A7-4772-873A-79895C7A3ADF}.AppStore|iPhone.Build.0 = Release|Any CPU
		{BC1DAD65-96A7-4772-873A-79895C7A3ADF}.AppStore|iPhoneSimulator.ActiveCfg = Release|Any CPU
		{BC1DAD65-96A7-4772-873A-79895C7A3ADF}.AppStore|iPhoneSimulator.Build.0 = Release|Any CPU
		{BC1DAD65-96A7-4772-873A-79895C7A3ADF}.AppStore|x64.ActiveCfg = Release|x64
		{BC1DAD65-96A7-4772-873A-79895C7A3ADF}.AppStore|x64.Build.0 = Release|x64
		{BC1DAD65-96A7-4772-873A-79895C7A3ADF}.AppStore|x86.ActiveCfg = Release|x86
		{BC1DAD65-96A7-4772-873A-79895C7A3ADF}.AppStore|x86.Build.0 = Release|x86
		{BC1DAD65-96A7-4772-873A-79895C7A3ADF}.Debug|Any CPU.ActiveCfg = Debug|Any CPU
		{BC1DAD65-96A7-4772-873A-79895C7A3ADF}.Debug|Any CPU.Build.0 = Debug|Any CPU
		{BC1DAD65-96A7-4772-873A-79895C7A3ADF}.Debug|ARM.ActiveCfg = Debug|ARM
		{BC1DAD65-96A7-4772-873A-79895C7A3ADF}.Debug|ARM.Build.0 = Debug|ARM
		{BC1DAD65-96A7-4772-873A-79895C7A3ADF}.Debug|ARM64.ActiveCfg = Debug|ARM64
		{BC1DAD65-96A7-4772-873A-79895C7A3ADF}.Debug|ARM64.Build.0 = Debug|ARM64
		{BC1DAD65-96A7-4772-873A-79895C7A3ADF}.Debug|iPhone.ActiveCfg = Debug|Any CPU
		{BC1DAD65-96A7-4772-873A-79895C7A3ADF}.Debug|iPhone.Build.0 = Debug|Any CPU
		{BC1DAD65-96A7-4772-873A-79895C7A3ADF}.Debug|iPhoneSimulator.ActiveCfg = Debug|Any CPU
		{BC1DAD65-96A7-4772-873A-79895C7A3ADF}.Debug|iPhoneSimulator.Build.0 = Debug|Any CPU
		{BC1DAD65-96A7-4772-873A-79895C7A3ADF}.Debug|x64.ActiveCfg = Debug|x64
		{BC1DAD65-96A7-4772-873A-79895C7A3ADF}.Debug|x64.Build.0 = Debug|x64
		{BC1DAD65-96A7-4772-873A-79895C7A3ADF}.Debug|x86.ActiveCfg = Debug|x86
		{BC1DAD65-96A7-4772-873A-79895C7A3ADF}.Debug|x86.Build.0 = Debug|x86
		{BC1DAD65-96A7-4772-873A-79895C7A3ADF}.Release|Any CPU.ActiveCfg = Release|Any CPU
		{BC1DAD65-96A7-4772-873A-79895C7A3ADF}.Release|Any CPU.Build.0 = Release|Any CPU
		{BC1DAD65-96A7-4772-873A-79895C7A3ADF}.Release|ARM.ActiveCfg = Release|ARM
		{BC1DAD65-96A7-4772-873A-79895C7A3ADF}.Release|ARM.Build.0 = Release|ARM
		{BC1DAD65-96A7-4772-873A-79895C7A3ADF}.Release|ARM64.ActiveCfg = Release|ARM64
		{BC1DAD65-96A7-4772-873A-79895C7A3ADF}.Release|ARM64.Build.0 = Release|ARM64
		{BC1DAD65-96A7-4772-873A-79895C7A3ADF}.Release|iPhone.ActiveCfg = Release|Any CPU
		{BC1DAD65-96A7-4772-873A-79895C7A3ADF}.Release|iPhone.Build.0 = Release|Any CPU
		{BC1DAD65-96A7-4772-873A-79895C7A3ADF}.Release|iPhoneSimulator.ActiveCfg = Release|Any CPU
		{BC1DAD65-96A7-4772-873A-79895C7A3ADF}.Release|iPhoneSimulator.Build.0 = Release|Any CPU
		{BC1DAD65-96A7-4772-873A-79895C7A3ADF}.Release|x64.ActiveCfg = Release|x64
		{BC1DAD65-96A7-4772-873A-79895C7A3ADF}.Release|x64.Build.0 = Release|x64
		{BC1DAD65-96A7-4772-873A-79895C7A3ADF}.Release|x86.ActiveCfg = Release|x86
		{BC1DAD65-96A7-4772-873A-79895C7A3ADF}.Release|x86.Build.0 = Release|x86
		{E00509CB-46F2-4DEE-ABBA-2514816AFFF4}.Ad-Hoc|Any CPU.ActiveCfg = Release|Any CPU
		{E00509CB-46F2-4DEE-ABBA-2514816AFFF4}.Ad-Hoc|Any CPU.Build.0 = Release|Any CPU
		{E00509CB-46F2-4DEE-ABBA-2514816AFFF4}.Ad-Hoc|ARM.ActiveCfg = Release|ARM
		{E00509CB-46F2-4DEE-ABBA-2514816AFFF4}.Ad-Hoc|ARM.Build.0 = Release|ARM
		{E00509CB-46F2-4DEE-ABBA-2514816AFFF4}.Ad-Hoc|ARM64.ActiveCfg = Release|ARM64
		{E00509CB-46F2-4DEE-ABBA-2514816AFFF4}.Ad-Hoc|ARM64.Build.0 = Release|ARM64
		{E00509CB-46F2-4DEE-ABBA-2514816AFFF4}.Ad-Hoc|iPhone.ActiveCfg = Release|Any CPU
		{E00509CB-46F2-4DEE-ABBA-2514816AFFF4}.Ad-Hoc|iPhone.Build.0 = Release|Any CPU
		{E00509CB-46F2-4DEE-ABBA-2514816AFFF4}.Ad-Hoc|iPhoneSimulator.ActiveCfg = Release|Any CPU
		{E00509CB-46F2-4DEE-ABBA-2514816AFFF4}.Ad-Hoc|iPhoneSimulator.Build.0 = Release|Any CPU
		{E00509CB-46F2-4DEE-ABBA-2514816AFFF4}.Ad-Hoc|x64.ActiveCfg = Release|x64
		{E00509CB-46F2-4DEE-ABBA-2514816AFFF4}.Ad-Hoc|x64.Build.0 = Release|x64
		{E00509CB-46F2-4DEE-ABBA-2514816AFFF4}.Ad-Hoc|x86.ActiveCfg = Release|x86
		{E00509CB-46F2-4DEE-ABBA-2514816AFFF4}.Ad-Hoc|x86.Build.0 = Release|x86
		{E00509CB-46F2-4DEE-ABBA-2514816AFFF4}.AppStore|Any CPU.ActiveCfg = Release|Any CPU
		{E00509CB-46F2-4DEE-ABBA-2514816AFFF4}.AppStore|Any CPU.Build.0 = Release|Any CPU
		{E00509CB-46F2-4DEE-ABBA-2514816AFFF4}.AppStore|ARM.ActiveCfg = Release|ARM
		{E00509CB-46F2-4DEE-ABBA-2514816AFFF4}.AppStore|ARM.Build.0 = Release|ARM
		{E00509CB-46F2-4DEE-ABBA-2514816AFFF4}.AppStore|ARM64.ActiveCfg = Release|ARM64
		{E00509CB-46F2-4DEE-ABBA-2514816AFFF4}.AppStore|ARM64.Build.0 = Release|ARM64
		{E00509CB-46F2-4DEE-ABBA-2514816AFFF4}.AppStore|iPhone.ActiveCfg = Release|Any CPU
		{E00509CB-46F2-4DEE-ABBA-2514816AFFF4}.AppStore|iPhone.Build.0 = Release|Any CPU
		{E00509CB-46F2-4DEE-ABBA-2514816AFFF4}.AppStore|iPhoneSimulator.ActiveCfg = Release|Any CPU
		{E00509CB-46F2-4DEE-ABBA-2514816AFFF4}.AppStore|iPhoneSimulator.Build.0 = Release|Any CPU
		{E00509CB-46F2-4DEE-ABBA-2514816AFFF4}.AppStore|x64.ActiveCfg = Release|x64
		{E00509CB-46F2-4DEE-ABBA-2514816AFFF4}.AppStore|x64.Build.0 = Release|x64
		{E00509CB-46F2-4DEE-ABBA-2514816AFFF4}.AppStore|x86.ActiveCfg = Release|x86
		{E00509CB-46F2-4DEE-ABBA-2514816AFFF4}.AppStore|x86.Build.0 = Release|x86
		{E00509CB-46F2-4DEE-ABBA-2514816AFFF4}.Debug|Any CPU.ActiveCfg = Debug|Any CPU
		{E00509CB-46F2-4DEE-ABBA-2514816AFFF4}.Debug|Any CPU.Build.0 = Debug|Any CPU
		{E00509CB-46F2-4DEE-ABBA-2514816AFFF4}.Debug|ARM.ActiveCfg = Debug|ARM
		{E00509CB-46F2-4DEE-ABBA-2514816AFFF4}.Debug|ARM.Build.0 = Debug|ARM
		{E00509CB-46F2-4DEE-ABBA-2514816AFFF4}.Debug|ARM64.ActiveCfg = Debug|ARM64
		{E00509CB-46F2-4DEE-ABBA-2514816AFFF4}.Debug|ARM64.Build.0 = Debug|ARM64
		{E00509CB-46F2-4DEE-ABBA-2514816AFFF4}.Debug|iPhone.ActiveCfg = Debug|Any CPU
		{E00509CB-46F2-4DEE-ABBA-2514816AFFF4}.Debug|iPhone.Build.0 = Debug|Any CPU
		{E00509CB-46F2-4DEE-ABBA-2514816AFFF4}.Debug|iPhoneSimulator.ActiveCfg = Debug|Any CPU
		{E00509CB-46F2-4DEE-ABBA-2514816AFFF4}.Debug|iPhoneSimulator.Build.0 = Debug|Any CPU
		{E00509CB-46F2-4DEE-ABBA-2514816AFFF4}.Debug|x64.ActiveCfg = Debug|x64
		{E00509CB-46F2-4DEE-ABBA-2514816AFFF4}.Debug|x64.Build.0 = Debug|x64
		{E00509CB-46F2-4DEE-ABBA-2514816AFFF4}.Debug|x86.ActiveCfg = Debug|x86
		{E00509CB-46F2-4DEE-ABBA-2514816AFFF4}.Debug|x86.Build.0 = Debug|x86
		{E00509CB-46F2-4DEE-ABBA-2514816AFFF4}.Release|Any CPU.ActiveCfg = Release|Any CPU
		{E00509CB-46F2-4DEE-ABBA-2514816AFFF4}.Release|Any CPU.Build.0 = Release|Any CPU
		{E00509CB-46F2-4DEE-ABBA-2514816AFFF4}.Release|ARM.ActiveCfg = Release|ARM
		{E00509CB-46F2-4DEE-ABBA-2514816AFFF4}.Release|ARM.Build.0 = Release|ARM
		{E00509CB-46F2-4DEE-ABBA-2514816AFFF4}.Release|ARM64.ActiveCfg = Release|ARM64
		{E00509CB-46F2-4DEE-ABBA-2514816AFFF4}.Release|ARM64.Build.0 = Release|ARM64
		{E00509CB-46F2-4DEE-ABBA-2514816AFFF4}.Release|iPhone.ActiveCfg = Release|Any CPU
		{E00509CB-46F2-4DEE-ABBA-2514816AFFF4}.Release|iPhone.Build.0 = Release|Any CPU
		{E00509CB-46F2-4DEE-ABBA-2514816AFFF4}.Release|iPhoneSimulator.ActiveCfg = Release|Any CPU
		{E00509CB-46F2-4DEE-ABBA-2514816AFFF4}.Release|iPhoneSimulator.Build.0 = Release|Any CPU
		{E00509CB-46F2-4DEE-ABBA-2514816AFFF4}.Release|x64.ActiveCfg = Release|x64
		{E00509CB-46F2-4DEE-ABBA-2514816AFFF4}.Release|x64.Build.0 = Release|x64
		{E00509CB-46F2-4DEE-ABBA-2514816AFFF4}.Release|x86.ActiveCfg = Release|x86
		{E00509CB-46F2-4DEE-ABBA-2514816AFFF4}.Release|x86.Build.0 = Release|x86
		{2230E90B-AE05-412F-8B83-E49627CD666E}.Ad-Hoc|Any CPU.ActiveCfg = Release|Any CPU
		{2230E90B-AE05-412F-8B83-E49627CD666E}.Ad-Hoc|Any CPU.Build.0 = Release|Any CPU
		{2230E90B-AE05-412F-8B83-E49627CD666E}.Ad-Hoc|ARM.ActiveCfg = Release|Any CPU
		{2230E90B-AE05-412F-8B83-E49627CD666E}.Ad-Hoc|ARM.Build.0 = Release|Any CPU
		{2230E90B-AE05-412F-8B83-E49627CD666E}.Ad-Hoc|ARM64.ActiveCfg = Release|Any CPU
		{2230E90B-AE05-412F-8B83-E49627CD666E}.Ad-Hoc|ARM64.Build.0 = Release|Any CPU
		{2230E90B-AE05-412F-8B83-E49627CD666E}.Ad-Hoc|iPhone.ActiveCfg = Release|Any CPU
		{2230E90B-AE05-412F-8B83-E49627CD666E}.Ad-Hoc|iPhone.Build.0 = Release|Any CPU
		{2230E90B-AE05-412F-8B83-E49627CD666E}.Ad-Hoc|iPhoneSimulator.ActiveCfg = Release|Any CPU
		{2230E90B-AE05-412F-8B83-E49627CD666E}.Ad-Hoc|iPhoneSimulator.Build.0 = Release|Any CPU
		{2230E90B-AE05-412F-8B83-E49627CD666E}.Ad-Hoc|x64.ActiveCfg = Release|Any CPU
		{2230E90B-AE05-412F-8B83-E49627CD666E}.Ad-Hoc|x64.Build.0 = Release|Any CPU
		{2230E90B-AE05-412F-8B83-E49627CD666E}.Ad-Hoc|x86.ActiveCfg = Release|Any CPU
		{2230E90B-AE05-412F-8B83-E49627CD666E}.Ad-Hoc|x86.Build.0 = Release|Any CPU
		{2230E90B-AE05-412F-8B83-E49627CD666E}.AppStore|Any CPU.ActiveCfg = Release|Any CPU
		{2230E90B-AE05-412F-8B83-E49627CD666E}.AppStore|Any CPU.Build.0 = Release|Any CPU
		{2230E90B-AE05-412F-8B83-E49627CD666E}.AppStore|ARM.ActiveCfg = Release|Any CPU
		{2230E90B-AE05-412F-8B83-E49627CD666E}.AppStore|ARM.Build.0 = Release|Any CPU
		{2230E90B-AE05-412F-8B83-E49627CD666E}.AppStore|ARM64.ActiveCfg = Release|Any CPU
		{2230E90B-AE05-412F-8B83-E49627CD666E}.AppStore|ARM64.Build.0 = Release|Any CPU
		{2230E90B-AE05-412F-8B83-E49627CD666E}.AppStore|iPhone.ActiveCfg = Release|Any CPU
		{2230E90B-AE05-412F-8B83-E49627CD666E}.AppStore|iPhone.Build.0 = Release|Any CPU
		{2230E90B-AE05-412F-8B83-E49627CD666E}.AppStore|iPhoneSimulator.ActiveCfg = Release|Any CPU
		{2230E90B-AE05-412F-8B83-E49627CD666E}.AppStore|iPhoneSimulator.Build.0 = Release|Any CPU
		{2230E90B-AE05-412F-8B83-E49627CD666E}.AppStore|x64.ActiveCfg = Release|Any CPU
		{2230E90B-AE05-412F-8B83-E49627CD666E}.AppStore|x64.Build.0 = Release|Any CPU
		{2230E90B-AE05-412F-8B83-E49627CD666E}.AppStore|x86.ActiveCfg = Release|Any CPU
		{2230E90B-AE05-412F-8B83-E49627CD666E}.AppStore|x86.Build.0 = Release|Any CPU
		{2230E90B-AE05-412F-8B83-E49627CD666E}.Debug|Any CPU.ActiveCfg = Debug|Any CPU
		{2230E90B-AE05-412F-8B83-E49627CD666E}.Debug|Any CPU.Build.0 = Debug|Any CPU
		{2230E90B-AE05-412F-8B83-E49627CD666E}.Debug|ARM.ActiveCfg = Debug|Any CPU
		{2230E90B-AE05-412F-8B83-E49627CD666E}.Debug|ARM.Build.0 = Debug|Any CPU
		{2230E90B-AE05-412F-8B83-E49627CD666E}.Debug|ARM64.ActiveCfg = Debug|Any CPU
		{2230E90B-AE05-412F-8B83-E49627CD666E}.Debug|ARM64.Build.0 = Debug|Any CPU
		{2230E90B-AE05-412F-8B83-E49627CD666E}.Debug|iPhone.ActiveCfg = Debug|Any CPU
		{2230E90B-AE05-412F-8B83-E49627CD666E}.Debug|iPhone.Build.0 = Debug|Any CPU
		{2230E90B-AE05-412F-8B83-E49627CD666E}.Debug|iPhoneSimulator.ActiveCfg = Debug|Any CPU
		{2230E90B-AE05-412F-8B83-E49627CD666E}.Debug|iPhoneSimulator.Build.0 = Debug|Any CPU
		{2230E90B-AE05-412F-8B83-E49627CD666E}.Debug|x64.ActiveCfg = Debug|Any CPU
		{2230E90B-AE05-412F-8B83-E49627CD666E}.Debug|x64.Build.0 = Debug|Any CPU
		{2230E90B-AE05-412F-8B83-E49627CD666E}.Debug|x86.ActiveCfg = Debug|Any CPU
		{2230E90B-AE05-412F-8B83-E49627CD666E}.Debug|x86.Build.0 = Debug|Any CPU
		{2230E90B-AE05-412F-8B83-E49627CD666E}.Release|Any CPU.ActiveCfg = Release|Any CPU
		{2230E90B-AE05-412F-8B83-E49627CD666E}.Release|Any CPU.Build.0 = Release|Any CPU
		{2230E90B-AE05-412F-8B83-E49627CD666E}.Release|ARM.ActiveCfg = Release|Any CPU
		{2230E90B-AE05-412F-8B83-E49627CD666E}.Release|ARM.Build.0 = Release|Any CPU
		{2230E90B-AE05-412F-8B83-E49627CD666E}.Release|ARM64.ActiveCfg = Release|Any CPU
		{2230E90B-AE05-412F-8B83-E49627CD666E}.Release|ARM64.Build.0 = Release|Any CPU
		{2230E90B-AE05-412F-8B83-E49627CD666E}.Release|iPhone.ActiveCfg = Release|Any CPU
		{2230E90B-AE05-412F-8B83-E49627CD666E}.Release|iPhone.Build.0 = Release|Any CPU
		{2230E90B-AE05-412F-8B83-E49627CD666E}.Release|iPhoneSimulator.ActiveCfg = Release|Any CPU
		{2230E90B-AE05-412F-8B83-E49627CD666E}.Release|iPhoneSimulator.Build.0 = Release|Any CPU
		{2230E90B-AE05-412F-8B83-E49627CD666E}.Release|x64.ActiveCfg = Release|Any CPU
		{2230E90B-AE05-412F-8B83-E49627CD666E}.Release|x64.Build.0 = Release|Any CPU
		{2230E90B-AE05-412F-8B83-E49627CD666E}.Release|x86.ActiveCfg = Release|Any CPU
		{2230E90B-AE05-412F-8B83-E49627CD666E}.Release|x86.Build.0 = Release|Any CPU
	EndGlobalSection
	GlobalSection(SolutionProperties) = preSolution
		HideSolutionNode = FALSE
	EndGlobalSection
	GlobalSection(NestedProjects) = preSolution
		{50D00509-0703-4308-A89A-A5ACADAD7ABA} = {32ED0A31-ACE0-46FC-8644-41F4A94E2FFC}
		{ECB44DDD-BBFA-459A-9C60-4F65A1014A48} = {1E56E335-09DE-435F-9189-5DE50835D54F}
		{AAC55EE8-183B-487F-9E2C-08E14E7E4894} = {7347DAE2-4F5E-46C9-ADA8-037B96742F2B}
		{A3248195-3EDF-4FE6-B065-865F74D53B0B} = {5B0BD0A9-5246-42CF-9D47-50DD072FEC47}
		{63695F84-3EC6-4F6A-8C8C-5219D75EDB68} = {32ED0A31-ACE0-46FC-8644-41F4A94E2FFC}
		{3BC0AC7E-3B3B-4D3F-9CC0-B2BDECC460A6} = {32ED0A31-ACE0-46FC-8644-41F4A94E2FFC}
		{4D641249-0812-4178-8AE6-CE6DF7F33D4E} = {0CC8477D-579D-409E-B332-848F725CCCDA}
		{EF909886-4E67-47FD-A1EE-CEA7E628B0A3} = {32ED0A31-ACE0-46FC-8644-41F4A94E2FFC}
		{C589B0F5-40FA-43DC-A802-6E50A3A3970A} = {ED437AFB-1A20-40F6-BEA0-DF39080D4CAC}
		{FA055F57-CF58-499B-B064-B9CDF7AA7239} = {ED437AFB-1A20-40F6-BEA0-DF39080D4CAC}
		{309E6494-8279-4895-B925-79D090C2D2B9} = {593D7312-7A8B-44C4-8564-F71B7CDFB354}
		{4C0D7E3B-4A58-41F7-A1A7-CE6D055BD30F} = {7347DAE2-4F5E-46C9-ADA8-037B96742F2B}
		{9ABE7012-A953-4A9F-8860-C877D8D6F687} = {7347DAE2-4F5E-46C9-ADA8-037B96742F2B}
		{BC1DAD65-96A7-4772-873A-79895C7A3ADF} = {1E56E335-09DE-435F-9189-5DE50835D54F}
		{E00509CB-46F2-4DEE-ABBA-2514816AFFF4} = {5B0BD0A9-5246-42CF-9D47-50DD072FEC47}
		{2230E90B-AE05-412F-8B83-E49627CD666E} = {5B0BD0A9-5246-42CF-9D47-50DD072FEC47}
	EndGlobalSection
	GlobalSection(ExtensibilityGlobals) = postSolution
		SolutionGuid = {7D478184-6FEC-4951-ADB3-C72F3B712B72}
	EndGlobalSection
EndGlobal
