
Microsoft Visual Studio Solution File, Format Version 12.00
# Visual Studio 15
VisualStudioVersion = 15.0.27703.2000
MinimumVisualStudioVersion = 10.0.40219.1
Project("{9A19103F-16F7-4668-BE54-9A1E7A4F7556}") = "Hid.Net.Windows", "Hid.Net.Windows\Hid.Net.Windows.csproj", "{ECB44DDD-BBFA-459A-9C60-4F65A1014A48}"
EndProject
Project("{FAE04EC0-301F-11D3-BF4B-00C04F79EFBC}") = "Hid.Net.UWP", "Hid.Net.UWP\Hid.Net.UWP.csproj", "{7618DB72-5741-48EB-A2DC-0823C1817795}"
EndProject
Global
	GlobalSection(SolutionConfigurationPlatforms) = preSolution
		Debug|Any CPU = Debug|Any CPU
		Debug|ARM = Debug|ARM
		Debug|x64 = Debug|x64
		Debug|x86 = Debug|x86
		Release|Any CPU = Release|Any CPU
		Release|ARM = Release|ARM
		Release|x64 = Release|x64
		Release|x86 = Release|x86
	EndGlobalSection
	GlobalSection(ProjectConfigurationPlatforms) = postSolution
		{ECB44DDD-BBFA-459A-9C60-4F65A1014A48}.Debug|Any CPU.ActiveCfg = Debug|Any CPU
		{ECB44DDD-BBFA-459A-9C60-4F65A1014A48}.Debug|Any CPU.Build.0 = Debug|Any CPU
		{ECB44DDD-BBFA-459A-9C60-4F65A1014A48}.Debug|ARM.ActiveCfg = Debug|Any CPU
		{ECB44DDD-BBFA-459A-9C60-4F65A1014A48}.Debug|ARM.Build.0 = Debug|Any CPU
		{ECB44DDD-BBFA-459A-9C60-4F65A1014A48}.Debug|x64.ActiveCfg = Debug|Any CPU
		{ECB44DDD-BBFA-459A-9C60-4F65A1014A48}.Debug|x64.Build.0 = Debug|Any CPU
		{ECB44DDD-BBFA-459A-9C60-4F65A1014A48}.Debug|x86.ActiveCfg = Debug|Any CPU
		{ECB44DDD-BBFA-459A-9C60-4F65A1014A48}.Debug|x86.Build.0 = Debug|Any CPU
		{ECB44DDD-BBFA-459A-9C60-4F65A1014A48}.Release|Any CPU.ActiveCfg = Release|Any CPU
		{ECB44DDD-BBFA-459A-9C60-4F65A1014A48}.Release|Any CPU.Build.0 = Release|Any CPU
		{ECB44DDD-BBFA-459A-9C60-4F65A1014A48}.Release|ARM.ActiveCfg = Release|Any CPU
		{ECB44DDD-BBFA-459A-9C60-4F65A1014A48}.Release|ARM.Build.0 = Release|Any CPU
		{ECB44DDD-BBFA-459A-9C60-4F65A1014A48}.Release|x64.ActiveCfg = Release|Any CPU
		{ECB44DDD-BBFA-459A-9C60-4F65A1014A48}.Release|x64.Build.0 = Release|Any CPU
		{ECB44DDD-BBFA-459A-9C60-4F65A1014A48}.Release|x86.ActiveCfg = Release|Any CPU
		{ECB44DDD-BBFA-459A-9C60-4F65A1014A48}.Release|x86.Build.0 = Release|Any CPU
		{7618DB72-5741-48EB-A2DC-0823C1817795}.Debug|Any CPU.ActiveCfg = Debug|Any CPU
		{7618DB72-5741-48EB-A2DC-0823C1817795}.Debug|Any CPU.Build.0 = Debug|Any CPU
		{7618DB72-5741-48EB-A2DC-0823C1817795}.Debug|ARM.ActiveCfg = Debug|ARM
		{7618DB72-5741-48EB-A2DC-0823C1817795}.Debug|ARM.Build.0 = Debug|ARM
		{7618DB72-5741-48EB-A2DC-0823C1817795}.Debug|x64.ActiveCfg = Debug|x64
		{7618DB72-5741-48EB-A2DC-0823C1817795}.Debug|x64.Build.0 = Debug|x64
		{7618DB72-5741-48EB-A2DC-0823C1817795}.Debug|x86.ActiveCfg = Debug|x86
		{7618DB72-5741-48EB-A2DC-0823C1817795}.Debug|x86.Build.0 = Debug|x86
		{7618DB72-5741-48EB-A2DC-0823C1817795}.Release|Any CPU.ActiveCfg = Release|Any CPU
		{7618DB72-5741-48EB-A2DC-0823C1817795}.Release|Any CPU.Build.0 = Release|Any CPU
		{7618DB72-5741-48EB-A2DC-0823C1817795}.Release|ARM.ActiveCfg = Release|ARM
		{7618DB72-5741-48EB-A2DC-0823C1817795}.Release|ARM.Build.0 = Release|ARM
		{7618DB72-5741-48EB-A2DC-0823C1817795}.Release|x64.ActiveCfg = Release|x64
		{7618DB72-5741-48EB-A2DC-0823C1817795}.Release|x64.Build.0 = Release|x64
		{7618DB72-5741-48EB-A2DC-0823C1817795}.Release|x86.ActiveCfg = Release|x86
		{7618DB72-5741-48EB-A2DC-0823C1817795}.Release|x86.Build.0 = Release|x86
	EndGlobalSection
	GlobalSection(SolutionProperties) = preSolution
		HideSolutionNode = FALSE
	EndGlobalSection
	GlobalSection(ExtensibilityGlobals) = postSolution
		SolutionGuid = {7D478184-6FEC-4951-ADB3-C72F3B712B72}
	EndGlobalSection
EndGlobal
