
Microsoft Visual Studio Solution File, Format Version 12.00
# Visual Studio 15
VisualStudioVersion = 15.0.28010.2046
MinimumVisualStudioVersion = 10.0.40219.1
Project("{9A19103F-16F7-4668-BE54-9A1E7A4F7556}") = "Usb.Net", "Usb.Net\Usb.Net.csproj", "{897DA90B-C5DA-4884-B31B-31B0F626B768}"
EndProject
Project("{FAE04EC0-301F-11D3-BF4B-00C04F79EFBC}") = "Usb.Net.Android", "Usb.Net.Android\Usb.Net.Android.csproj", "{A6FB0608-0D21-4892-ADCE-3E79ABCC030D}"
EndProject
Project("{9A19103F-16F7-4668-BE54-9A1E7A4F7556}") = "Usb.Net.Sample", "Usb.Net.Sample\Usb.Net.Sample.csproj", "{5143147A-5B74-4849-B6BF-F692BE3AAA7C}"
EndProject
Project("{9A19103F-16F7-4668-BE54-9A1E7A4F7556}") = "Device.Net", "..\Device.Net\Device.Net\Device.Net\Device.Net.csproj", "{55588C7B-5897-4FB3-8078-9A749FB61D36}"
EndProject
Project("{FAE04EC0-301F-11D3-BF4B-00C04F79EFBC}") = "Usb.Net.UWP", "Usb.Net.UWP\Usb.Net.UWP.csproj", "{8E29E247-78B7-4FC8-AF1C-DA273050978C}"
EndProject
Project("{FAE04EC0-301F-11D3-BF4B-00C04F79EFBC}") = "Usb.Net.UWP.Sample", "Usb.Net.UWP.Sample\Usb.Net.UWP.Sample.csproj", "{63695F84-3EC6-4F6A-8C8C-5219D75EDB68}"
EndProject
Global
	GlobalSection(SolutionConfigurationPlatforms) = preSolution
		Debug|Any CPU = Debug|Any CPU
		Debug|ARM = Debug|ARM
		Debug|x64 = Debug|x64
		Debug|x86 = Debug|x86
		Release|Any CPU = Release|Any CPU
		Release|ARM = Release|ARM
		Release|x64 = Release|x64
		Release|x86 = Release|x86
	EndGlobalSection
	GlobalSection(ProjectConfigurationPlatforms) = postSolution
		{897DA90B-C5DA-4884-B31B-31B0F626B768}.Debug|Any CPU.ActiveCfg = Debug|Any CPU
		{897DA90B-C5DA-4884-B31B-31B0F626B768}.Debug|Any CPU.Build.0 = Debug|Any CPU
		{897DA90B-C5DA-4884-B31B-31B0F626B768}.Debug|ARM.ActiveCfg = Debug|Any CPU
		{897DA90B-C5DA-4884-B31B-31B0F626B768}.Debug|ARM.Build.0 = Debug|Any CPU
		{897DA90B-C5DA-4884-B31B-31B0F626B768}.Debug|x64.ActiveCfg = Debug|Any CPU
		{897DA90B-C5DA-4884-B31B-31B0F626B768}.Debug|x64.Build.0 = Debug|Any CPU
		{897DA90B-C5DA-4884-B31B-31B0F626B768}.Debug|x86.ActiveCfg = Debug|Any CPU
		{897DA90B-C5DA-4884-B31B-31B0F626B768}.Debug|x86.Build.0 = Debug|Any CPU
		{897DA90B-C5DA-4884-B31B-31B0F626B768}.Release|Any CPU.ActiveCfg = Release|Any CPU
		{897DA90B-C5DA-4884-B31B-31B0F626B768}.Release|Any CPU.Build.0 = Release|Any CPU
		{897DA90B-C5DA-4884-B31B-31B0F626B768}.Release|ARM.ActiveCfg = Release|Any CPU
		{897DA90B-C5DA-4884-B31B-31B0F626B768}.Release|ARM.Build.0 = Release|Any CPU
		{897DA90B-C5DA-4884-B31B-31B0F626B768}.Release|x64.ActiveCfg = Release|Any CPU
		{897DA90B-C5DA-4884-B31B-31B0F626B768}.Release|x64.Build.0 = Release|Any CPU
		{897DA90B-C5DA-4884-B31B-31B0F626B768}.Release|x86.ActiveCfg = Release|Any CPU
		{897DA90B-C5DA-4884-B31B-31B0F626B768}.Release|x86.Build.0 = Release|Any CPU
		{A6FB0608-0D21-4892-ADCE-3E79ABCC030D}.Debug|Any CPU.ActiveCfg = Debug|Any CPU
		{A6FB0608-0D21-4892-ADCE-3E79ABCC030D}.Debug|Any CPU.Build.0 = Debug|Any CPU
		{A6FB0608-0D21-4892-ADCE-3E79ABCC030D}.Debug|ARM.ActiveCfg = Debug|Any CPU
		{A6FB0608-0D21-4892-ADCE-3E79ABCC030D}.Debug|ARM.Build.0 = Debug|Any CPU
		{A6FB0608-0D21-4892-ADCE-3E79ABCC030D}.Debug|x64.ActiveCfg = Debug|Any CPU
		{A6FB0608-0D21-4892-ADCE-3E79ABCC030D}.Debug|x64.Build.0 = Debug|Any CPU
		{A6FB0608-0D21-4892-ADCE-3E79ABCC030D}.Debug|x86.ActiveCfg = Debug|Any CPU
		{A6FB0608-0D21-4892-ADCE-3E79ABCC030D}.Debug|x86.Build.0 = Debug|Any CPU
		{A6FB0608-0D21-4892-ADCE-3E79ABCC030D}.Release|Any CPU.ActiveCfg = Release|Any CPU
		{A6FB0608-0D21-4892-ADCE-3E79ABCC030D}.Release|Any CPU.Build.0 = Release|Any CPU
		{A6FB0608-0D21-4892-ADCE-3E79ABCC030D}.Release|ARM.ActiveCfg = Release|Any CPU
		{A6FB0608-0D21-4892-ADCE-3E79ABCC030D}.Release|ARM.Build.0 = Release|Any CPU
		{A6FB0608-0D21-4892-ADCE-3E79ABCC030D}.Release|x64.ActiveCfg = Release|Any CPU
		{A6FB0608-0D21-4892-ADCE-3E79ABCC030D}.Release|x64.Build.0 = Release|Any CPU
		{A6FB0608-0D21-4892-ADCE-3E79ABCC030D}.Release|x86.ActiveCfg = Release|Any CPU
		{A6FB0608-0D21-4892-ADCE-3E79ABCC030D}.Release|x86.Build.0 = Release|Any CPU
		{5143147A-5B74-4849-B6BF-F692BE3AAA7C}.Debug|Any CPU.ActiveCfg = Debug|Any CPU
		{5143147A-5B74-4849-B6BF-F692BE3AAA7C}.Debug|Any CPU.Build.0 = Debug|Any CPU
		{5143147A-5B74-4849-B6BF-F692BE3AAA7C}.Debug|ARM.ActiveCfg = Debug|Any CPU
		{5143147A-5B74-4849-B6BF-F692BE3AAA7C}.Debug|ARM.Build.0 = Debug|Any CPU
		{5143147A-5B74-4849-B6BF-F692BE3AAA7C}.Debug|x64.ActiveCfg = Debug|Any CPU
		{5143147A-5B74-4849-B6BF-F692BE3AAA7C}.Debug|x64.Build.0 = Debug|Any CPU
		{5143147A-5B74-4849-B6BF-F692BE3AAA7C}.Debug|x86.ActiveCfg = Debug|Any CPU
		{5143147A-5B74-4849-B6BF-F692BE3AAA7C}.Debug|x86.Build.0 = Debug|Any CPU
		{5143147A-5B74-4849-B6BF-F692BE3AAA7C}.Release|Any CPU.ActiveCfg = Release|Any CPU
		{5143147A-5B74-4849-B6BF-F692BE3AAA7C}.Release|Any CPU.Build.0 = Release|Any CPU
		{5143147A-5B74-4849-B6BF-F692BE3AAA7C}.Release|ARM.ActiveCfg = Release|Any CPU
		{5143147A-5B74-4849-B6BF-F692BE3AAA7C}.Release|ARM.Build.0 = Release|Any CPU
		{5143147A-5B74-4849-B6BF-F692BE3AAA7C}.Release|x64.ActiveCfg = Release|Any CPU
		{5143147A-5B74-4849-B6BF-F692BE3AAA7C}.Release|x64.Build.0 = Release|Any CPU
		{5143147A-5B74-4849-B6BF-F692BE3AAA7C}.Release|x86.ActiveCfg = Release|Any CPU
		{5143147A-5B74-4849-B6BF-F692BE3AAA7C}.Release|x86.Build.0 = Release|Any CPU
		{55588C7B-5897-4FB3-8078-9A749FB61D36}.Debug|Any CPU.ActiveCfg = Debug|Any CPU
		{55588C7B-5897-4FB3-8078-9A749FB61D36}.Debug|Any CPU.Build.0 = Debug|Any CPU
		{55588C7B-5897-4FB3-8078-9A749FB61D36}.Debug|ARM.ActiveCfg = Debug|Any CPU
		{55588C7B-5897-4FB3-8078-9A749FB61D36}.Debug|ARM.Build.0 = Debug|Any CPU
		{55588C7B-5897-4FB3-8078-9A749FB61D36}.Debug|x64.ActiveCfg = Debug|Any CPU
		{55588C7B-5897-4FB3-8078-9A749FB61D36}.Debug|x64.Build.0 = Debug|Any CPU
		{55588C7B-5897-4FB3-8078-9A749FB61D36}.Debug|x86.ActiveCfg = Debug|Any CPU
		{55588C7B-5897-4FB3-8078-9A749FB61D36}.Debug|x86.Build.0 = Debug|Any CPU
		{55588C7B-5897-4FB3-8078-9A749FB61D36}.Release|Any CPU.ActiveCfg = Release|Any CPU
		{55588C7B-5897-4FB3-8078-9A749FB61D36}.Release|Any CPU.Build.0 = Release|Any CPU
		{55588C7B-5897-4FB3-8078-9A749FB61D36}.Release|ARM.ActiveCfg = Release|Any CPU
		{55588C7B-5897-4FB3-8078-9A749FB61D36}.Release|ARM.Build.0 = Release|Any CPU
		{55588C7B-5897-4FB3-8078-9A749FB61D36}.Release|x64.ActiveCfg = Release|Any CPU
		{55588C7B-5897-4FB3-8078-9A749FB61D36}.Release|x64.Build.0 = Release|Any CPU
		{55588C7B-5897-4FB3-8078-9A749FB61D36}.Release|x86.ActiveCfg = Release|Any CPU
		{55588C7B-5897-4FB3-8078-9A749FB61D36}.Release|x86.Build.0 = Release|Any CPU
		{8E29E247-78B7-4FC8-AF1C-DA273050978C}.Debug|Any CPU.ActiveCfg = Debug|Any CPU
		{8E29E247-78B7-4FC8-AF1C-DA273050978C}.Debug|Any CPU.Build.0 = Debug|Any CPU
		{8E29E247-78B7-4FC8-AF1C-DA273050978C}.Debug|ARM.ActiveCfg = Debug|ARM
		{8E29E247-78B7-4FC8-AF1C-DA273050978C}.Debug|ARM.Build.0 = Debug|ARM
		{8E29E247-78B7-4FC8-AF1C-DA273050978C}.Debug|x64.ActiveCfg = Debug|x64
		{8E29E247-78B7-4FC8-AF1C-DA273050978C}.Debug|x64.Build.0 = Debug|x64
		{8E29E247-78B7-4FC8-AF1C-DA273050978C}.Debug|x86.ActiveCfg = Debug|x86
		{8E29E247-78B7-4FC8-AF1C-DA273050978C}.Debug|x86.Build.0 = Debug|x86
		{8E29E247-78B7-4FC8-AF1C-DA273050978C}.Release|Any CPU.ActiveCfg = Release|Any CPU
		{8E29E247-78B7-4FC8-AF1C-DA273050978C}.Release|Any CPU.Build.0 = Release|Any CPU
		{8E29E247-78B7-4FC8-AF1C-DA273050978C}.Release|ARM.ActiveCfg = Release|ARM
		{8E29E247-78B7-4FC8-AF1C-DA273050978C}.Release|ARM.Build.0 = Release|ARM
		{8E29E247-78B7-4FC8-AF1C-DA273050978C}.Release|x64.ActiveCfg = Release|x64
		{8E29E247-78B7-4FC8-AF1C-DA273050978C}.Release|x64.Build.0 = Release|x64
		{8E29E247-78B7-4FC8-AF1C-DA273050978C}.Release|x86.ActiveCfg = Release|x86
		{8E29E247-78B7-4FC8-AF1C-DA273050978C}.Release|x86.Build.0 = Release|x86
		{63695F84-3EC6-4F6A-8C8C-5219D75EDB68}.Debug|Any CPU.ActiveCfg = Debug|x86
		{63695F84-3EC6-4F6A-8C8C-5219D75EDB68}.Debug|ARM.ActiveCfg = Debug|ARM
		{63695F84-3EC6-4F6A-8C8C-5219D75EDB68}.Debug|ARM.Build.0 = Debug|ARM
		{63695F84-3EC6-4F6A-8C8C-5219D75EDB68}.Debug|ARM.Deploy.0 = Debug|ARM
		{63695F84-3EC6-4F6A-8C8C-5219D75EDB68}.Debug|x64.ActiveCfg = Debug|x64
		{63695F84-3EC6-4F6A-8C8C-5219D75EDB68}.Debug|x64.Build.0 = Debug|x64
		{63695F84-3EC6-4F6A-8C8C-5219D75EDB68}.Debug|x64.Deploy.0 = Debug|x64
		{63695F84-3EC6-4F6A-8C8C-5219D75EDB68}.Debug|x86.ActiveCfg = Debug|x86
		{63695F84-3EC6-4F6A-8C8C-5219D75EDB68}.Debug|x86.Build.0 = Debug|x86
		{63695F84-3EC6-4F6A-8C8C-5219D75EDB68}.Debug|x86.Deploy.0 = Debug|x86
		{63695F84-3EC6-4F6A-8C8C-5219D75EDB68}.Release|Any CPU.ActiveCfg = Release|x86
		{63695F84-3EC6-4F6A-8C8C-5219D75EDB68}.Release|ARM.ActiveCfg = Release|ARM
		{63695F84-3EC6-4F6A-8C8C-5219D75EDB68}.Release|ARM.Build.0 = Release|ARM
		{63695F84-3EC6-4F6A-8C8C-5219D75EDB68}.Release|ARM.Deploy.0 = Release|ARM
		{63695F84-3EC6-4F6A-8C8C-5219D75EDB68}.Release|x64.ActiveCfg = Release|x64
		{63695F84-3EC6-4F6A-8C8C-5219D75EDB68}.Release|x64.Build.0 = Release|x64
		{63695F84-3EC6-4F6A-8C8C-5219D75EDB68}.Release|x64.Deploy.0 = Release|x64
		{63695F84-3EC6-4F6A-8C8C-5219D75EDB68}.Release|x86.ActiveCfg = Release|x86
		{63695F84-3EC6-4F6A-8C8C-5219D75EDB68}.Release|x86.Build.0 = Release|x86
		{63695F84-3EC6-4F6A-8C8C-5219D75EDB68}.Release|x86.Deploy.0 = Release|x86
	EndGlobalSection
	GlobalSection(SolutionProperties) = preSolution
		HideSolutionNode = FALSE
	EndGlobalSection
	GlobalSection(ExtensibilityGlobals) = postSolution
		SolutionGuid = {F7D72240-FCAC-473B-AD1D-725C9647B1B4}
	EndGlobalSection
EndGlobal
